// !$*UTF8*$!
{
	archiveVersion = 1;
	classes = {
	};
	objectVersion = 56;
	objects = {

/* Begin PBXBuildFile section */
		7B320631CABAF821C5A00C9C /* Pods_wav.framework in Frameworks */ = {isa = PBXBuildFile; fileRef = BDC1A1F33F472DD13734BB7B /* Pods_wav.framework */; };
		7E004AB32A13E0170024CDBC /* NearbyViewController+radar.swift in Sources */ = {isa = PBXBuildFile; fileRef = 7E004AB22A13E0170024CDBC /* NearbyViewController+radar.swift */; };
		7E004AB62A13FB5D0024CDBC /* LocationViewController+getUserFavoriteGenre.swift in Sources */ = {isa = PBXBuildFile; fileRef = 7E004AB52A13FB5D0024CDBC /* LocationViewController+getUserFavoriteGenre.swift */; };
		7E004AB82A13FBFF0024CDBC /* addGenre.swift in Sources */ = {isa = PBXBuildFile; fileRef = 7E004AB72A13FBFF0024CDBC /* addGenre.swift */; };
		7E004ABB2A13FD710024CDBC /* LocationViewController+getUserFavoriteSong.swift in Sources */ = {isa = PBXBuildFile; fileRef = 7E004ABA2A13FD710024CDBC /* LocationViewController+getUserFavoriteSong.swift */; };
		7E004ABD2A1401BA0024CDBC /* addFavoriteSong.swift in Sources */ = {isa = PBXBuildFile; fileRef = 7E004ABC2A1401BA0024CDBC /* addFavoriteSong.swift */; };
		7E004AC02A152E6F0024CDBC /* LiveSessionPlayerViewController.swift in Sources */ = {isa = PBXBuildFile; fileRef = 7E004ABF2A152E6F0024CDBC /* LiveSessionPlayerViewController.swift */; };
		7E004AC22A152E810024CDBC /* LiveSessionPlayer.storyboard in Resources */ = {isa = PBXBuildFile; fileRef = 7E004AC12A152E810024CDBC /* LiveSessionPlayer.storyboard */; };
		7E004AC42A15314E0024CDBC /* updateLocationDB.swift in Sources */ = {isa = PBXBuildFile; fileRef = 7E004AC32A15314E0024CDBC /* updateLocationDB.swift */; };
		7E004AC62A1538260024CDBC /* getSongInfo.swift in Sources */ = {isa = PBXBuildFile; fileRef = 7E004AC52A1538260024CDBC /* getSongInfo.swift */; };
		7E004AC92A154A320024CDBC /* UserInteractionViewController.swift in Sources */ = {isa = PBXBuildFile; fileRef = 7E004AC82A154A320024CDBC /* UserInteractionViewController.swift */; };
		7E004ACB2A154A570024CDBC /* UserInteraction.storyboard in Resources */ = {isa = PBXBuildFile; fileRef = 7E004ACA2A154A570024CDBC /* UserInteraction.storyboard */; };
		7E004ACE2A1551340024CDBC /* MPCSession.swift in Sources */ = {isa = PBXBuildFile; fileRef = 7E004ACD2A1551340024CDBC /* MPCSession.swift */; };
		7E004AD22A15529E0024CDBC /* UserInteractionViewController+MPCTokenSharing.swift in Sources */ = {isa = PBXBuildFile; fileRef = 7E004AD12A15529E0024CDBC /* UserInteractionViewController+MPCTokenSharing.swift */; };
		7E004AD42A1553B50024CDBC /* UserInteractionViewController+NISessionDelegate.swift in Sources */ = {isa = PBXBuildFile; fileRef = 7E004AD32A1553B50024CDBC /* UserInteractionViewController+NISessionDelegate.swift */; };
		7E004AD72A1AA5010024CDBC /* MathUtilities.swift in Sources */ = {isa = PBXBuildFile; fileRef = 7E004AD62A1AA5010024CDBC /* MathUtilities.swift */; };
		7E004AD92A1AB0940024CDBC /* DistanceDirectionState.swift in Sources */ = {isa = PBXBuildFile; fileRef = 7E004AD82A1AB0940024CDBC /* DistanceDirectionState.swift */; };
		7E004ADE2A1D1C5F0024CDBC /* TabBarViewController.swift in Sources */ = {isa = PBXBuildFile; fileRef = 7E004ADD2A1D1C5F0024CDBC /* TabBarViewController.swift */; };
		7E004AE02A20E6300024CDBC /* PlayerViewController+MPCTokenSharing.swift in Sources */ = {isa = PBXBuildFile; fileRef = 7E004ADF2A20E6300024CDBC /* PlayerViewController+MPCTokenSharing.swift */; };
		7E004AE32A20EA340024CDBC /* Album.storyboard in Resources */ = {isa = PBXBuildFile; fileRef = 7E004AE22A20EA340024CDBC /* Album.storyboard */; };
		7E004AE52A20EA4A0024CDBC /* AlbumViewController.swift in Sources */ = {isa = PBXBuildFile; fileRef = 7E004AE42A20EA4A0024CDBC /* AlbumViewController.swift */; };
		7E004AE82A20EBE60024CDBC /* AlbumViewController+TableView.swift in Sources */ = {isa = PBXBuildFile; fileRef = 7E004AE72A20EBE60024CDBC /* AlbumViewController+TableView.swift */; };
		7E004AEB2A20EC570024CDBC /* AlbumTracksTableViewCell.swift in Sources */ = {isa = PBXBuildFile; fileRef = 7E004AEA2A20EC570024CDBC /* AlbumTracksTableViewCell.swift */; };
		7E004AEE2A20ED270024CDBC /* AlbumViewController+fetchAlbum.swift in Sources */ = {isa = PBXBuildFile; fileRef = 7E004AED2A20ED270024CDBC /* AlbumViewController+fetchAlbum.swift */; };
		7E2811E52A278C70006D9925 /* Artist.storyboard in Resources */ = {isa = PBXBuildFile; fileRef = 7E2811E42A278C70006D9925 /* Artist.storyboard */; };
		7E2811E72A278C81006D9925 /* ArtistViewController.swift in Sources */ = {isa = PBXBuildFile; fileRef = 7E2811E62A278C81006D9925 /* ArtistViewController.swift */; };
		7E2811EA2A279A6F006D9925 /* ArtistViewController+ArtistData.swift in Sources */ = {isa = PBXBuildFile; fileRef = 7E2811E92A279A6F006D9925 /* ArtistViewController+ArtistData.swift */; };
		7E2811ED2A28C00A006D9925 /* ArtistViewController+CollectionView.swift in Sources */ = {isa = PBXBuildFile; fileRef = 7E2811EC2A28C00A006D9925 /* ArtistViewController+CollectionView.swift */; };
		7E2811F02A28C175006D9925 /* TopsSongsCollectionViewCell.swift in Sources */ = {isa = PBXBuildFile; fileRef = 7E2811EF2A28C175006D9925 /* TopsSongsCollectionViewCell.swift */; };
		7E2811F22A28CDAE006D9925 /* ArtistAlbumCollectionViewCell.swift in Sources */ = {isa = PBXBuildFile; fileRef = 7E2811F12A28CDAE006D9925 /* ArtistAlbumCollectionViewCell.swift */; };
		7E2811F42A28D3E1006D9925 /* ArtistPlaylistCollectionViewCell.swift in Sources */ = {isa = PBXBuildFile; fileRef = 7E2811F32A28D3E1006D9925 /* ArtistPlaylistCollectionViewCell.swift */; };
		7E2811F72A2B7AB5006D9925 /* Profile.storyboard in Resources */ = {isa = PBXBuildFile; fileRef = 7E2811F62A2B7AB5006D9925 /* Profile.storyboard */; };
		7E2811F92A2B7AC6006D9925 /* ProfileViewController.swift in Sources */ = {isa = PBXBuildFile; fileRef = 7E2811F82A2B7AC6006D9925 /* ProfileViewController.swift */; };
		7E2811FC2A2D615A006D9925 /* getUser.swift in Sources */ = {isa = PBXBuildFile; fileRef = 7E2811FB2A2D615A006D9925 /* getUser.swift */; };
		7E2811FE2A2D699F006D9925 /* updateUsername.swift in Sources */ = {isa = PBXBuildFile; fileRef = 7E2811FD2A2D699F006D9925 /* updateUsername.swift */; };
		7E418B592A02F446007B9863 /* HomeViewController+History.swift in Sources */ = {isa = PBXBuildFile; fileRef = 7E418B582A02F446007B9863 /* HomeViewController+History.swift */; };
		7E418B5B2A02F5F5007B9863 /* RecentItemCollectionViewCell.swift in Sources */ = {isa = PBXBuildFile; fileRef = 7E418B5A2A02F5F5007B9863 /* RecentItemCollectionViewCell.swift */; };
		7E418B632A03155C007B9863 /* shadowView.swift in Sources */ = {isa = PBXBuildFile; fileRef = 7E418B622A03155C007B9863 /* shadowView.swift */; };
		7E418B662A0320C0007B9863 /* HomePlayer.swift in Sources */ = {isa = PBXBuildFile; fileRef = 7E418B652A0320C0007B9863 /* HomePlayer.swift */; };
		7E418B6B2A03276C007B9863 /* UIColor+isDark.swift in Sources */ = {isa = PBXBuildFile; fileRef = 7E418B6A2A03276C007B9863 /* UIColor+isDark.swift */; };
		7E418B6D2A056FDB007B9863 /* showLoadingView.swift in Sources */ = {isa = PBXBuildFile; fileRef = 7E418B6C2A056FDB007B9863 /* showLoadingView.swift */; };
		7E5132DF2A12DE7200E68533 /* getNearbyUsers.swift in Sources */ = {isa = PBXBuildFile; fileRef = 7E5132DE2A12DE7200E68533 /* getNearbyUsers.swift */; };
		7E5132E92A12F0A500E68533 /* NearbyUser.swift in Sources */ = {isa = PBXBuildFile; fileRef = 7E5132E82A12F0A500E68533 /* NearbyUser.swift */; };
		7E5132ED2A13ABED00E68533 /* NearbyViewController+NearbySongs.swift in Sources */ = {isa = PBXBuildFile; fileRef = 7E5132EC2A13ABED00E68533 /* NearbyViewController+NearbySongs.swift */; };
		7E5132F02A13B2C500E68533 /* NearbyUsersTableViewCell.swift in Sources */ = {isa = PBXBuildFile; fileRef = 7E5132EF2A13B2C500E68533 /* NearbyUsersTableViewCell.swift */; };
		7E5132FF2A13C5CC00E68533 /* FirebaseDatabase in Frameworks */ = {isa = PBXBuildFile; productRef = 7E5132FE2A13C5CC00E68533 /* FirebaseDatabase */; };
		7E5133012A13C5CC00E68533 /* FirebaseFirestore in Frameworks */ = {isa = PBXBuildFile; productRef = 7E5133002A13C5CC00E68533 /* FirebaseFirestore */; };
		7E5133032A13C5CC00E68533 /* FirebaseStorage in Frameworks */ = {isa = PBXBuildFile; productRef = 7E5133022A13C5CC00E68533 /* FirebaseStorage */; };
		7E5133062A13C5EB00E68533 /* NotificationBannerSwift in Frameworks */ = {isa = PBXBuildFile; productRef = 7E5133052A13C5EB00E68533 /* NotificationBannerSwift */; };
		7E5133092A13C60800E68533 /* UIImageColors in Frameworks */ = {isa = PBXBuildFile; productRef = 7E5133082A13C60800E68533 /* UIImageColors */; };
		7E51330C2A13C61700E68533 /* MarqueeLabel in Frameworks */ = {isa = PBXBuildFile; productRef = 7E51330B2A13C61700E68533 /* MarqueeLabel */; };
		7E51330F2A13C63000E68533 /* Kingfisher in Frameworks */ = {isa = PBXBuildFile; productRef = 7E51330E2A13C63000E68533 /* Kingfisher */; };
		7E5133122A13C69400E68533 /* MusadoraKit in Frameworks */ = {isa = PBXBuildFile; productRef = 7E5133112A13C69400E68533 /* MusadoraKit */; };
		7E567B5F2A0C052200172755 /* addGradient.swift in Sources */ = {isa = PBXBuildFile; fileRef = 7E567B5E2A0C052200172755 /* addGradient.swift */; };
		7E6AD2A02A0C43BA0068027A /* ListViewController+tableView.swift in Sources */ = {isa = PBXBuildFile; fileRef = 7E6AD29F2A0C43BA0068027A /* ListViewController+tableView.swift */; };
		7E91E61E2A059C5A00ADB0EE /* HomeViewController+Stations.swift in Sources */ = {isa = PBXBuildFile; fileRef = 7E91E61D2A059C5A00ADB0EE /* HomeViewController+Stations.swift */; };
		7E91E6212A05A37200ADB0EE /* HomeViewController+CollectionView.swift in Sources */ = {isa = PBXBuildFile; fileRef = 7E91E6202A05A37200ADB0EE /* HomeViewController+CollectionView.swift */; };
		7E91E6252A05A48500ADB0EE /* ForYouCollectionViewCell.swift in Sources */ = {isa = PBXBuildFile; fileRef = 7E91E6242A05A48500ADB0EE /* ForYouCollectionViewCell.swift */; };
		7E91E6282A05AAA200ADB0EE /* Player.storyboard in Resources */ = {isa = PBXBuildFile; fileRef = 7E91E6272A05AAA200ADB0EE /* Player.storyboard */; };
		7E91E62A2A05AAB300ADB0EE /* PlayerViewController.swift in Sources */ = {isa = PBXBuildFile; fileRef = 7E91E6292A05AAB300ADB0EE /* PlayerViewController.swift */; };
		7E91E62C2A067F5100ADB0EE /* PlayerViewController+fetchPlayingSong.swift in Sources */ = {isa = PBXBuildFile; fileRef = 7E91E62B2A067F5100ADB0EE /* PlayerViewController+fetchPlayingSong.swift */; };
		7E91E62E2A0680D000ADB0EE /* HomePlayerViewController+FetchCurrentlyPlaying.swift in Sources */ = {isa = PBXBuildFile; fileRef = 7E91E62D2A0680D000ADB0EE /* HomePlayerViewController+FetchCurrentlyPlaying.swift */; };
		7E91E6302A0681B300ADB0EE /* MusicPlaybackControl.swift in Sources */ = {isa = PBXBuildFile; fileRef = 7E91E62F2A0681B300ADB0EE /* MusicPlaybackControl.swift */; };
		7EA183A32A01B1B600F658E4 /* RecentItems.swift in Sources */ = {isa = PBXBuildFile; fileRef = 7EA183A22A01B1B600F658E4 /* RecentItems.swift */; };
		7EAB3EDC2A0162D500BB2E0B /* AppDelegate.swift in Sources */ = {isa = PBXBuildFile; fileRef = 7EAB3EDB2A0162D500BB2E0B /* AppDelegate.swift */; };
		7EAB3EDE2A0162D500BB2E0B /* SceneDelegate.swift in Sources */ = {isa = PBXBuildFile; fileRef = 7EAB3EDD2A0162D500BB2E0B /* SceneDelegate.swift */; };
		7EAB3EE02A0162D500BB2E0B /* ViewController.swift in Sources */ = {isa = PBXBuildFile; fileRef = 7EAB3EDF2A0162D500BB2E0B /* ViewController.swift */; };
		7EAB3EE32A0162D500BB2E0B /* Main.storyboard in Resources */ = {isa = PBXBuildFile; fileRef = 7EAB3EE12A0162D500BB2E0B /* Main.storyboard */; };
		7EAB3EE62A0162D500BB2E0B /* wav.xcdatamodeld in Sources */ = {isa = PBXBuildFile; fileRef = 7EAB3EE42A0162D500BB2E0B /* wav.xcdatamodeld */; };
		7EAB3EE82A0162D700BB2E0B /* Assets.xcassets in Resources */ = {isa = PBXBuildFile; fileRef = 7EAB3EE72A0162D700BB2E0B /* Assets.xcassets */; };
		7EAB3EEB2A0162D700BB2E0B /* LaunchScreen.storyboard in Resources */ = {isa = PBXBuildFile; fileRef = 7EAB3EE92A0162D700BB2E0B /* LaunchScreen.storyboard */; };
		7EAB3EF92A01636900BB2E0B /* Login.storyboard in Resources */ = {isa = PBXBuildFile; fileRef = 7EAB3EF82A01636900BB2E0B /* Login.storyboard */; };
		7EAB3EFB2A01637800BB2E0B /* LoginViewController.swift in Sources */ = {isa = PBXBuildFile; fileRef = 7EAB3EFA2A01637800BB2E0B /* LoginViewController.swift */; };
		7EAB3EFD2A0165F100BB2E0B /* HomeViewController.swift in Sources */ = {isa = PBXBuildFile; fileRef = 7EAB3EFC2A0165F100BB2E0B /* HomeViewController.swift */; };
		7EAB3EFF2A0165F800BB2E0B /* Home.storyboard in Resources */ = {isa = PBXBuildFile; fileRef = 7EAB3EFE2A0165F800BB2E0B /* Home.storyboard */; };
		7EBBEAFB2A057D1300A2970C /* updateBackgroundColor.swift in Sources */ = {isa = PBXBuildFile; fileRef = 7EBBEAFA2A057D1300A2970C /* updateBackgroundColor.swift */; };
		7EC240532A0C3BB500029BC7 /* TracksTableViewCell.swift in Sources */ = {isa = PBXBuildFile; fileRef = 7EC240522A0C3BB500029BC7 /* TracksTableViewCell.swift */; };
		7EC797B72A0C612A003DEB15 /* debounce.swift in Sources */ = {isa = PBXBuildFile; fileRef = 7EC797B62A0C612A003DEB15 /* debounce.swift */; };
		7EEA00302A0D58B500B7304F /* ListViewController+fetchPlaylist.swift in Sources */ = {isa = PBXBuildFile; fileRef = 7EEA002F2A0D58B500B7304F /* ListViewController+fetchPlaylist.swift */; };
		7EEA00332A0D6A1E00B7304F /* HomeViewController+Albums.swift in Sources */ = {isa = PBXBuildFile; fileRef = 7EEA00322A0D6A1E00B7304F /* HomeViewController+Albums.swift */; };
		7EF558322A06A42000D1FE8F /* NSNotification.name+selectedSongIDChanged.swift in Sources */ = {isa = PBXBuildFile; fileRef = 7EF558312A06A42000D1FE8F /* NSNotification.name+selectedSongIDChanged.swift */; };
		7EF5583C2A06DE9F00D1FE8F /* PlayerViewController+Observers.swift in Sources */ = {isa = PBXBuildFile; fileRef = 7EF5583B2A06DE9F00D1FE8F /* PlayerViewController+Observers.swift */; };
		7EF5583E2A06F4EB00D1FE8F /* formatPlaybackTime.swift in Sources */ = {isa = PBXBuildFile; fileRef = 7EF5583D2A06F4EB00D1FE8F /* formatPlaybackTime.swift */; };
		7EF558402A06F89000D1FE8F /* updateTimelineGradient.swift in Sources */ = {isa = PBXBuildFile; fileRef = 7EF5583F2A06F89000D1FE8F /* updateTimelineGradient.swift */; };
		7EF5584A2A08610300D1FE8F /* animateImageTransition.swift in Sources */ = {isa = PBXBuildFile; fileRef = 7EF558492A08610300D1FE8F /* animateImageTransition.swift */; };
		7EF5584D2A087E3700D1FE8F /* ListViewController.swift in Sources */ = {isa = PBXBuildFile; fileRef = 7EF5584C2A087E3700D1FE8F /* ListViewController.swift */; };
		7EF5584F2A087E4000D1FE8F /* List.storyboard in Resources */ = {isa = PBXBuildFile; fileRef = 7EF5584E2A087E4000D1FE8F /* List.storyboard */; };
		7EF558522A087F1300D1FE8F /* Search.storyboard in Resources */ = {isa = PBXBuildFile; fileRef = 7EF558512A087F1300D1FE8F /* Search.storyboard */; };
		7EF558542A087F2100D1FE8F /* SearchViewController.swift in Sources */ = {isa = PBXBuildFile; fileRef = 7EF558532A087F2100D1FE8F /* SearchViewController.swift */; };
		7EF558572A0881CA00D1FE8F /* NearbyViewController.swift in Sources */ = {isa = PBXBuildFile; fileRef = 7EF558562A0881CA00D1FE8F /* NearbyViewController.swift */; };
		7EF558592A0881D200D1FE8F /* Nearby.storyboard in Resources */ = {isa = PBXBuildFile; fileRef = 7EF558582A0881D200D1FE8F /* Nearby.storyboard */; };
		7EF5585C2A0883B400D1FE8F /* LibraryViewController.swift in Sources */ = {isa = PBXBuildFile; fileRef = 7EF5585B2A0883B400D1FE8F /* LibraryViewController.swift */; };
		7EF5585E2A0883C200D1FE8F /* Library.storyboard in Resources */ = {isa = PBXBuildFile; fileRef = 7EF5585D2A0883C200D1FE8F /* Library.storyboard */; };
		7EF558602A092F5D00D1FE8F /* SearchViewController+TableView.swift in Sources */ = {isa = PBXBuildFile; fileRef = 7EF5585F2A092F5D00D1FE8F /* SearchViewController+TableView.swift */; };
		7EF558642A09337200D1FE8F /* SearchViewCell.swift in Sources */ = {isa = PBXBuildFile; fileRef = 7EF558632A09337200D1FE8F /* SearchViewCell.swift */; };
		7EF558662A098B9F00D1FE8F /* NameViewController.swift in Sources */ = {isa = PBXBuildFile; fileRef = 7EF558652A098B9F00D1FE8F /* NameViewController.swift */; };
		7EF558692A098BC200D1FE8F /* Name.storyboard in Resources */ = {isa = PBXBuildFile; fileRef = 7EF558682A098BC200D1FE8F /* Name.storyboard */; };
		7EF5586C2A098F8B00D1FE8F /* GoogleService-Info.plist in Resources */ = {isa = PBXBuildFile; fileRef = 7EF5586B2A098F8B00D1FE8F /* GoogleService-Info.plist */; };
		7EF558762A09A39500D1FE8F /* createUser.swift in Sources */ = {isa = PBXBuildFile; fileRef = 7EF558752A09A39500D1FE8F /* createUser.swift */; };
		7EF5587B2A0A911700D1FE8F /* loadingIndicator.swift in Sources */ = {isa = PBXBuildFile; fileRef = 7EF5587A2A0A911700D1FE8F /* loadingIndicator.swift */; };
		7EF5587E2A0A95CB00D1FE8F /* startLiveShareSession.swift in Sources */ = {isa = PBXBuildFile; fileRef = 7EF5587D2A0A95CB00D1FE8F /* startLiveShareSession.swift */; };
		7EF558802A0AA04C00D1FE8F /* UserDefaultManager.swift in Sources */ = {isa = PBXBuildFile; fileRef = 7EF5587F2A0AA04C00D1FE8F /* UserDefaultManager.swift */; };
		7EF558822A0AA57A00D1FE8F /* getUserIDFromCoreData.swift in Sources */ = {isa = PBXBuildFile; fileRef = 7EF558812A0AA57A00D1FE8F /* getUserIDFromCoreData.swift */; };
		7EF558842A0AA5BE00D1FE8F /* stopLiveShareSession.swift in Sources */ = {isa = PBXBuildFile; fileRef = 7EF558832A0AA5BE00D1FE8F /* stopLiveShareSession.swift */; };
		7EF558872A0AED7100D1FE8F /* LocationViewController.swift in Sources */ = {isa = PBXBuildFile; fileRef = 7EF558862A0AED7100D1FE8F /* LocationViewController.swift */; };
		7EF558892A0AED7B00D1FE8F /* Location.storyboard in Resources */ = {isa = PBXBuildFile; fileRef = 7EF558882A0AED7B00D1FE8F /* Location.storyboard */; };
		7EF5588B2A0B212500D1FE8F /* LibraryViewController+fetchLibrary.swift in Sources */ = {isa = PBXBuildFile; fileRef = 7EF5588A2A0B212500D1FE8F /* LibraryViewController+fetchLibrary.swift */; };
		7EF5588E2A0B240200D1FE8F /* LibraryCollectionViewCell.swift in Sources */ = {isa = PBXBuildFile; fileRef = 7EF5588D2A0B240200D1FE8F /* LibraryCollectionViewCell.swift */; };
		7EF558902A0B2D0A00D1FE8F /* RecommendedArtistCollectionViewCell.swift in Sources */ = {isa = PBXBuildFile; fileRef = 7EF5588F2A0B2D0A00D1FE8F /* RecommendedArtistCollectionViewCell.swift */; };
		7EF558922A0B2FF900D1FE8F /* HomeViewController+fetchRecommendedArtists.swift in Sources */ = {isa = PBXBuildFile; fileRef = 7EF558912A0B2FF900D1FE8F /* HomeViewController+fetchRecommendedArtists.swift */; };
/* End PBXBuildFile section */

/* Begin PBXFileReference section */
		7E004AB22A13E0170024CDBC /* NearbyViewController+radar.swift */ = {isa = PBXFileReference; lastKnownFileType = sourcecode.swift; path = "NearbyViewController+radar.swift"; sourceTree = "<group>"; };
		7E004AB52A13FB5D0024CDBC /* LocationViewController+getUserFavoriteGenre.swift */ = {isa = PBXFileReference; lastKnownFileType = sourcecode.swift; path = "LocationViewController+getUserFavoriteGenre.swift"; sourceTree = "<group>"; };
		7E004AB72A13FBFF0024CDBC /* addGenre.swift */ = {isa = PBXFileReference; lastKnownFileType = sourcecode.swift; path = addGenre.swift; sourceTree = "<group>"; };
		7E004ABA2A13FD710024CDBC /* LocationViewController+getUserFavoriteSong.swift */ = {isa = PBXFileReference; lastKnownFileType = sourcecode.swift; path = "LocationViewController+getUserFavoriteSong.swift"; sourceTree = "<group>"; };
		7E004ABC2A1401BA0024CDBC /* addFavoriteSong.swift */ = {isa = PBXFileReference; lastKnownFileType = sourcecode.swift; path = addFavoriteSong.swift; sourceTree = "<group>"; };
		7E004ABF2A152E6F0024CDBC /* LiveSessionPlayerViewController.swift */ = {isa = PBXFileReference; lastKnownFileType = sourcecode.swift; path = LiveSessionPlayerViewController.swift; sourceTree = "<group>"; };
		7E004AC12A152E810024CDBC /* LiveSessionPlayer.storyboard */ = {isa = PBXFileReference; lastKnownFileType = file.storyboard; path = LiveSessionPlayer.storyboard; sourceTree = "<group>"; };
		7E004AC32A15314E0024CDBC /* updateLocationDB.swift */ = {isa = PBXFileReference; lastKnownFileType = sourcecode.swift; path = updateLocationDB.swift; sourceTree = "<group>"; };
		7E004AC52A1538260024CDBC /* getSongInfo.swift */ = {isa = PBXFileReference; lastKnownFileType = sourcecode.swift; path = getSongInfo.swift; sourceTree = "<group>"; };
		7E004AC82A154A320024CDBC /* UserInteractionViewController.swift */ = {isa = PBXFileReference; lastKnownFileType = sourcecode.swift; path = UserInteractionViewController.swift; sourceTree = "<group>"; };
		7E004ACA2A154A570024CDBC /* UserInteraction.storyboard */ = {isa = PBXFileReference; lastKnownFileType = file.storyboard; path = UserInteraction.storyboard; sourceTree = "<group>"; };
		7E004ACD2A1551340024CDBC /* MPCSession.swift */ = {isa = PBXFileReference; lastKnownFileType = sourcecode.swift; path = MPCSession.swift; sourceTree = "<group>"; };
		7E004AD02A15519C0024CDBC /* MPCSession License.md */ = {isa = PBXFileReference; lastKnownFileType = net.daringfireball.markdown; path = "MPCSession License.md"; sourceTree = "<group>"; };
		7E004AD12A15529E0024CDBC /* UserInteractionViewController+MPCTokenSharing.swift */ = {isa = PBXFileReference; lastKnownFileType = sourcecode.swift; path = "UserInteractionViewController+MPCTokenSharing.swift"; sourceTree = "<group>"; };
		7E004AD32A1553B50024CDBC /* UserInteractionViewController+NISessionDelegate.swift */ = {isa = PBXFileReference; lastKnownFileType = sourcecode.swift; path = "UserInteractionViewController+NISessionDelegate.swift"; sourceTree = "<group>"; };
		7E004AD62A1AA5010024CDBC /* MathUtilities.swift */ = {isa = PBXFileReference; lastKnownFileType = sourcecode.swift; path = MathUtilities.swift; sourceTree = "<group>"; };
		7E004AD82A1AB0940024CDBC /* DistanceDirectionState.swift */ = {isa = PBXFileReference; lastKnownFileType = sourcecode.swift; path = DistanceDirectionState.swift; sourceTree = "<group>"; };
		7E004ADD2A1D1C5F0024CDBC /* TabBarViewController.swift */ = {isa = PBXFileReference; lastKnownFileType = sourcecode.swift; path = TabBarViewController.swift; sourceTree = "<group>"; };
		7E004ADF2A20E6300024CDBC /* PlayerViewController+MPCTokenSharing.swift */ = {isa = PBXFileReference; lastKnownFileType = sourcecode.swift; path = "PlayerViewController+MPCTokenSharing.swift"; sourceTree = "<group>"; };
		7E004AE22A20EA340024CDBC /* Album.storyboard */ = {isa = PBXFileReference; lastKnownFileType = file.storyboard; path = Album.storyboard; sourceTree = "<group>"; };
		7E004AE42A20EA4A0024CDBC /* AlbumViewController.swift */ = {isa = PBXFileReference; lastKnownFileType = sourcecode.swift; path = AlbumViewController.swift; sourceTree = "<group>"; };
		7E004AE72A20EBE60024CDBC /* AlbumViewController+TableView.swift */ = {isa = PBXFileReference; lastKnownFileType = sourcecode.swift; path = "AlbumViewController+TableView.swift"; sourceTree = "<group>"; };
		7E004AEA2A20EC570024CDBC /* AlbumTracksTableViewCell.swift */ = {isa = PBXFileReference; lastKnownFileType = sourcecode.swift; path = AlbumTracksTableViewCell.swift; sourceTree = "<group>"; };
		7E004AED2A20ED270024CDBC /* AlbumViewController+fetchAlbum.swift */ = {isa = PBXFileReference; lastKnownFileType = sourcecode.swift; path = "AlbumViewController+fetchAlbum.swift"; sourceTree = "<group>"; };
		7E2811E42A278C70006D9925 /* Artist.storyboard */ = {isa = PBXFileReference; lastKnownFileType = file.storyboard; path = Artist.storyboard; sourceTree = "<group>"; };
		7E2811E62A278C81006D9925 /* ArtistViewController.swift */ = {isa = PBXFileReference; lastKnownFileType = sourcecode.swift; path = ArtistViewController.swift; sourceTree = "<group>"; };
		7E2811E92A279A6F006D9925 /* ArtistViewController+ArtistData.swift */ = {isa = PBXFileReference; lastKnownFileType = sourcecode.swift; path = "ArtistViewController+ArtistData.swift"; sourceTree = "<group>"; };
		7E2811EC2A28C00A006D9925 /* ArtistViewController+CollectionView.swift */ = {isa = PBXFileReference; lastKnownFileType = sourcecode.swift; path = "ArtistViewController+CollectionView.swift"; sourceTree = "<group>"; };
		7E2811EF2A28C175006D9925 /* TopsSongsCollectionViewCell.swift */ = {isa = PBXFileReference; lastKnownFileType = sourcecode.swift; path = TopsSongsCollectionViewCell.swift; sourceTree = "<group>"; };
		7E2811F12A28CDAE006D9925 /* ArtistAlbumCollectionViewCell.swift */ = {isa = PBXFileReference; lastKnownFileType = sourcecode.swift; path = ArtistAlbumCollectionViewCell.swift; sourceTree = "<group>"; };
		7E2811F32A28D3E1006D9925 /* ArtistPlaylistCollectionViewCell.swift */ = {isa = PBXFileReference; lastKnownFileType = sourcecode.swift; path = ArtistPlaylistCollectionViewCell.swift; sourceTree = "<group>"; };
		7E2811F62A2B7AB5006D9925 /* Profile.storyboard */ = {isa = PBXFileReference; lastKnownFileType = file.storyboard; path = Profile.storyboard; sourceTree = "<group>"; };
		7E2811F82A2B7AC6006D9925 /* ProfileViewController.swift */ = {isa = PBXFileReference; lastKnownFileType = sourcecode.swift; path = ProfileViewController.swift; sourceTree = "<group>"; };
		7E2811FB2A2D615A006D9925 /* getUser.swift */ = {isa = PBXFileReference; lastKnownFileType = sourcecode.swift; path = getUser.swift; sourceTree = "<group>"; };
		7E2811FD2A2D699F006D9925 /* updateUsername.swift */ = {isa = PBXFileReference; lastKnownFileType = sourcecode.swift; path = updateUsername.swift; sourceTree = "<group>"; };
		7E418B582A02F446007B9863 /* HomeViewController+History.swift */ = {isa = PBXFileReference; lastKnownFileType = sourcecode.swift; path = "HomeViewController+History.swift"; sourceTree = "<group>"; };
		7E418B5A2A02F5F5007B9863 /* RecentItemCollectionViewCell.swift */ = {isa = PBXFileReference; lastKnownFileType = sourcecode.swift; path = RecentItemCollectionViewCell.swift; sourceTree = "<group>"; };
		7E418B622A03155C007B9863 /* shadowView.swift */ = {isa = PBXFileReference; lastKnownFileType = sourcecode.swift; path = shadowView.swift; sourceTree = "<group>"; };
		7E418B652A0320C0007B9863 /* HomePlayer.swift */ = {isa = PBXFileReference; lastKnownFileType = sourcecode.swift; path = HomePlayer.swift; sourceTree = "<group>"; };
		7E418B6A2A03276C007B9863 /* UIColor+isDark.swift */ = {isa = PBXFileReference; lastKnownFileType = sourcecode.swift; path = "UIColor+isDark.swift"; sourceTree = "<group>"; };
		7E418B6C2A056FDB007B9863 /* showLoadingView.swift */ = {isa = PBXFileReference; lastKnownFileType = sourcecode.swift; path = showLoadingView.swift; sourceTree = "<group>"; };
		7E5132DE2A12DE7200E68533 /* getNearbyUsers.swift */ = {isa = PBXFileReference; lastKnownFileType = sourcecode.swift; path = getNearbyUsers.swift; sourceTree = "<group>"; };
		7E5132E82A12F0A500E68533 /* NearbyUser.swift */ = {isa = PBXFileReference; lastKnownFileType = sourcecode.swift; path = NearbyUser.swift; sourceTree = "<group>"; };
		7E5132EC2A13ABED00E68533 /* NearbyViewController+NearbySongs.swift */ = {isa = PBXFileReference; lastKnownFileType = sourcecode.swift; path = "NearbyViewController+NearbySongs.swift"; sourceTree = "<group>"; };
		7E5132EF2A13B2C500E68533 /* NearbyUsersTableViewCell.swift */ = {isa = PBXFileReference; lastKnownFileType = sourcecode.swift; path = NearbyUsersTableViewCell.swift; sourceTree = "<group>"; };
		7E567B5E2A0C052200172755 /* addGradient.swift */ = {isa = PBXFileReference; lastKnownFileType = sourcecode.swift; path = addGradient.swift; sourceTree = "<group>"; };
		7E6AD29F2A0C43BA0068027A /* ListViewController+tableView.swift */ = {isa = PBXFileReference; lastKnownFileType = sourcecode.swift; path = "ListViewController+tableView.swift"; sourceTree = "<group>"; };
		7E91E61D2A059C5A00ADB0EE /* HomeViewController+Stations.swift */ = {isa = PBXFileReference; lastKnownFileType = sourcecode.swift; path = "HomeViewController+Stations.swift"; sourceTree = "<group>"; };
		7E91E6202A05A37200ADB0EE /* HomeViewController+CollectionView.swift */ = {isa = PBXFileReference; lastKnownFileType = sourcecode.swift; path = "HomeViewController+CollectionView.swift"; sourceTree = "<group>"; };
		7E91E6242A05A48500ADB0EE /* ForYouCollectionViewCell.swift */ = {isa = PBXFileReference; lastKnownFileType = sourcecode.swift; path = ForYouCollectionViewCell.swift; sourceTree = "<group>"; };
		7E91E6272A05AAA200ADB0EE /* Player.storyboard */ = {isa = PBXFileReference; lastKnownFileType = file.storyboard; path = Player.storyboard; sourceTree = "<group>"; };
		7E91E6292A05AAB300ADB0EE /* PlayerViewController.swift */ = {isa = PBXFileReference; lastKnownFileType = sourcecode.swift; path = PlayerViewController.swift; sourceTree = "<group>"; };
		7E91E62B2A067F5100ADB0EE /* PlayerViewController+fetchPlayingSong.swift */ = {isa = PBXFileReference; lastKnownFileType = sourcecode.swift; path = "PlayerViewController+fetchPlayingSong.swift"; sourceTree = "<group>"; };
		7E91E62D2A0680D000ADB0EE /* HomePlayerViewController+FetchCurrentlyPlaying.swift */ = {isa = PBXFileReference; lastKnownFileType = sourcecode.swift; path = "HomePlayerViewController+FetchCurrentlyPlaying.swift"; sourceTree = "<group>"; };
		7E91E62F2A0681B300ADB0EE /* MusicPlaybackControl.swift */ = {isa = PBXFileReference; lastKnownFileType = sourcecode.swift; path = MusicPlaybackControl.swift; sourceTree = "<group>"; };
		7EA183A22A01B1B600F658E4 /* RecentItems.swift */ = {isa = PBXFileReference; lastKnownFileType = sourcecode.swift; path = RecentItems.swift; sourceTree = "<group>"; };
		7EAB3ED82A0162D500BB2E0B /* wav.app */ = {isa = PBXFileReference; explicitFileType = wrapper.application; includeInIndex = 0; path = wav.app; sourceTree = BUILT_PRODUCTS_DIR; };
		7EAB3EDB2A0162D500BB2E0B /* AppDelegate.swift */ = {isa = PBXFileReference; lastKnownFileType = sourcecode.swift; path = AppDelegate.swift; sourceTree = "<group>"; };
		7EAB3EDD2A0162D500BB2E0B /* SceneDelegate.swift */ = {isa = PBXFileReference; lastKnownFileType = sourcecode.swift; path = SceneDelegate.swift; sourceTree = "<group>"; };
		7EAB3EDF2A0162D500BB2E0B /* ViewController.swift */ = {isa = PBXFileReference; lastKnownFileType = sourcecode.swift; path = ViewController.swift; sourceTree = "<group>"; };
		7EAB3EE22A0162D500BB2E0B /* Base */ = {isa = PBXFileReference; lastKnownFileType = file.storyboard; name = Base; path = Base.lproj/Main.storyboard; sourceTree = "<group>"; };
		7EAB3EE52A0162D500BB2E0B /* wav.xcdatamodel */ = {isa = PBXFileReference; lastKnownFileType = wrapper.xcdatamodel; path = wav.xcdatamodel; sourceTree = "<group>"; };
		7EAB3EE72A0162D700BB2E0B /* Assets.xcassets */ = {isa = PBXFileReference; lastKnownFileType = folder.assetcatalog; path = Assets.xcassets; sourceTree = "<group>"; };
		7EAB3EEA2A0162D700BB2E0B /* Base */ = {isa = PBXFileReference; lastKnownFileType = file.storyboard; name = Base; path = Base.lproj/LaunchScreen.storyboard; sourceTree = "<group>"; };
		7EAB3EEC2A0162D700BB2E0B /* Info.plist */ = {isa = PBXFileReference; lastKnownFileType = text.plist.xml; path = Info.plist; sourceTree = "<group>"; };
		7EAB3EF82A01636900BB2E0B /* Login.storyboard */ = {isa = PBXFileReference; lastKnownFileType = file.storyboard; path = Login.storyboard; sourceTree = "<group>"; };
		7EAB3EFA2A01637800BB2E0B /* LoginViewController.swift */ = {isa = PBXFileReference; lastKnownFileType = sourcecode.swift; path = LoginViewController.swift; sourceTree = "<group>"; };
		7EAB3EFC2A0165F100BB2E0B /* HomeViewController.swift */ = {isa = PBXFileReference; lastKnownFileType = sourcecode.swift; path = HomeViewController.swift; sourceTree = "<group>"; };
		7EAB3EFE2A0165F800BB2E0B /* Home.storyboard */ = {isa = PBXFileReference; lastKnownFileType = file.storyboard; path = Home.storyboard; sourceTree = "<group>"; };
		7EBBEAFA2A057D1300A2970C /* updateBackgroundColor.swift */ = {isa = PBXFileReference; lastKnownFileType = sourcecode.swift; path = updateBackgroundColor.swift; sourceTree = "<group>"; };
		7EC240522A0C3BB500029BC7 /* TracksTableViewCell.swift */ = {isa = PBXFileReference; lastKnownFileType = sourcecode.swift; path = TracksTableViewCell.swift; sourceTree = "<group>"; };
		7EC797B62A0C612A003DEB15 /* debounce.swift */ = {isa = PBXFileReference; lastKnownFileType = sourcecode.swift; path = debounce.swift; sourceTree = "<group>"; };
		7EEA002F2A0D58B500B7304F /* ListViewController+fetchPlaylist.swift */ = {isa = PBXFileReference; fileEncoding = 4; lastKnownFileType = sourcecode.swift; path = "ListViewController+fetchPlaylist.swift"; sourceTree = "<group>"; };
		7EEA00322A0D6A1E00B7304F /* HomeViewController+Albums.swift */ = {isa = PBXFileReference; lastKnownFileType = sourcecode.swift; path = "HomeViewController+Albums.swift"; sourceTree = "<group>"; };
		7EF558312A06A42000D1FE8F /* NSNotification.name+selectedSongIDChanged.swift */ = {isa = PBXFileReference; lastKnownFileType = sourcecode.swift; path = "NSNotification.name+selectedSongIDChanged.swift"; sourceTree = "<group>"; };
		7EF5583B2A06DE9F00D1FE8F /* PlayerViewController+Observers.swift */ = {isa = PBXFileReference; lastKnownFileType = sourcecode.swift; path = "PlayerViewController+Observers.swift"; sourceTree = "<group>"; };
		7EF5583D2A06F4EB00D1FE8F /* formatPlaybackTime.swift */ = {isa = PBXFileReference; lastKnownFileType = sourcecode.swift; path = formatPlaybackTime.swift; sourceTree = "<group>"; };
		7EF5583F2A06F89000D1FE8F /* updateTimelineGradient.swift */ = {isa = PBXFileReference; lastKnownFileType = sourcecode.swift; path = updateTimelineGradient.swift; sourceTree = "<group>"; };
		7EF558492A08610300D1FE8F /* animateImageTransition.swift */ = {isa = PBXFileReference; lastKnownFileType = sourcecode.swift; path = animateImageTransition.swift; sourceTree = "<group>"; };
		7EF5584C2A087E3700D1FE8F /* ListViewController.swift */ = {isa = PBXFileReference; lastKnownFileType = sourcecode.swift; path = ListViewController.swift; sourceTree = "<group>"; };
		7EF5584E2A087E4000D1FE8F /* List.storyboard */ = {isa = PBXFileReference; lastKnownFileType = file.storyboard; path = List.storyboard; sourceTree = "<group>"; };
		7EF558512A087F1300D1FE8F /* Search.storyboard */ = {isa = PBXFileReference; lastKnownFileType = file.storyboard; path = Search.storyboard; sourceTree = "<group>"; };
		7EF558532A087F2100D1FE8F /* SearchViewController.swift */ = {isa = PBXFileReference; lastKnownFileType = sourcecode.swift; path = SearchViewController.swift; sourceTree = "<group>"; };
		7EF558562A0881CA00D1FE8F /* NearbyViewController.swift */ = {isa = PBXFileReference; lastKnownFileType = sourcecode.swift; path = NearbyViewController.swift; sourceTree = "<group>"; };
		7EF558582A0881D200D1FE8F /* Nearby.storyboard */ = {isa = PBXFileReference; lastKnownFileType = file.storyboard; path = Nearby.storyboard; sourceTree = "<group>"; };
		7EF5585B2A0883B400D1FE8F /* LibraryViewController.swift */ = {isa = PBXFileReference; lastKnownFileType = sourcecode.swift; path = LibraryViewController.swift; sourceTree = "<group>"; };
		7EF5585D2A0883C200D1FE8F /* Library.storyboard */ = {isa = PBXFileReference; lastKnownFileType = file.storyboard; path = Library.storyboard; sourceTree = "<group>"; };
		7EF5585F2A092F5D00D1FE8F /* SearchViewController+TableView.swift */ = {isa = PBXFileReference; lastKnownFileType = sourcecode.swift; path = "SearchViewController+TableView.swift"; sourceTree = "<group>"; };
		7EF558632A09337200D1FE8F /* SearchViewCell.swift */ = {isa = PBXFileReference; lastKnownFileType = sourcecode.swift; path = SearchViewCell.swift; sourceTree = "<group>"; };
		7EF558652A098B9F00D1FE8F /* NameViewController.swift */ = {isa = PBXFileReference; lastKnownFileType = sourcecode.swift; path = NameViewController.swift; sourceTree = "<group>"; };
		7EF558682A098BC200D1FE8F /* Name.storyboard */ = {isa = PBXFileReference; lastKnownFileType = file.storyboard; path = Name.storyboard; sourceTree = "<group>"; };
		7EF5586B2A098F8B00D1FE8F /* GoogleService-Info.plist */ = {isa = PBXFileReference; fileEncoding = 4; lastKnownFileType = text.plist.xml; path = "GoogleService-Info.plist"; sourceTree = "<group>"; };
		7EF558752A09A39500D1FE8F /* createUser.swift */ = {isa = PBXFileReference; lastKnownFileType = sourcecode.swift; path = createUser.swift; sourceTree = "<group>"; };
		7EF5587A2A0A911700D1FE8F /* loadingIndicator.swift */ = {isa = PBXFileReference; lastKnownFileType = sourcecode.swift; path = loadingIndicator.swift; sourceTree = "<group>"; };
		7EF5587D2A0A95CB00D1FE8F /* startLiveShareSession.swift */ = {isa = PBXFileReference; lastKnownFileType = sourcecode.swift; path = startLiveShareSession.swift; sourceTree = "<group>"; };
		7EF5587F2A0AA04C00D1FE8F /* UserDefaultManager.swift */ = {isa = PBXFileReference; lastKnownFileType = sourcecode.swift; path = UserDefaultManager.swift; sourceTree = "<group>"; };
		7EF558812A0AA57A00D1FE8F /* getUserIDFromCoreData.swift */ = {isa = PBXFileReference; lastKnownFileType = sourcecode.swift; path = getUserIDFromCoreData.swift; sourceTree = "<group>"; };
		7EF558832A0AA5BE00D1FE8F /* stopLiveShareSession.swift */ = {isa = PBXFileReference; lastKnownFileType = sourcecode.swift; path = stopLiveShareSession.swift; sourceTree = "<group>"; };
		7EF558862A0AED7100D1FE8F /* LocationViewController.swift */ = {isa = PBXFileReference; lastKnownFileType = sourcecode.swift; path = LocationViewController.swift; sourceTree = "<group>"; };
		7EF558882A0AED7B00D1FE8F /* Location.storyboard */ = {isa = PBXFileReference; lastKnownFileType = file.storyboard; path = Location.storyboard; sourceTree = "<group>"; };
		7EF5588A2A0B212500D1FE8F /* LibraryViewController+fetchLibrary.swift */ = {isa = PBXFileReference; lastKnownFileType = sourcecode.swift; path = "LibraryViewController+fetchLibrary.swift"; sourceTree = "<group>"; };
		7EF5588D2A0B240200D1FE8F /* LibraryCollectionViewCell.swift */ = {isa = PBXFileReference; lastKnownFileType = sourcecode.swift; path = LibraryCollectionViewCell.swift; sourceTree = "<group>"; };
		7EF5588F2A0B2D0A00D1FE8F /* RecommendedArtistCollectionViewCell.swift */ = {isa = PBXFileReference; lastKnownFileType = sourcecode.swift; path = RecommendedArtistCollectionViewCell.swift; sourceTree = "<group>"; };
		7EF558912A0B2FF900D1FE8F /* HomeViewController+fetchRecommendedArtists.swift */ = {isa = PBXFileReference; lastKnownFileType = sourcecode.swift; path = "HomeViewController+fetchRecommendedArtists.swift"; sourceTree = "<group>"; };
		A67795D906E603AEA50EC2C0 /* Pods-wav.debug.xcconfig */ = {isa = PBXFileReference; includeInIndex = 1; lastKnownFileType = text.xcconfig; name = "Pods-wav.debug.xcconfig"; path = "Target Support Files/Pods-wav/Pods-wav.debug.xcconfig"; sourceTree = "<group>"; };
		AD6C4A0622EBBF81252B1729 /* Pods-wav.release.xcconfig */ = {isa = PBXFileReference; includeInIndex = 1; lastKnownFileType = text.xcconfig; name = "Pods-wav.release.xcconfig"; path = "Target Support Files/Pods-wav/Pods-wav.release.xcconfig"; sourceTree = "<group>"; };
		BDC1A1F33F472DD13734BB7B /* Pods_wav.framework */ = {isa = PBXFileReference; explicitFileType = wrapper.framework; includeInIndex = 0; path = Pods_wav.framework; sourceTree = BUILT_PRODUCTS_DIR; };
/* End PBXFileReference section */

/* Begin PBXFrameworksBuildPhase section */
		7EAB3ED52A0162D500BB2E0B /* Frameworks */ = {
			isa = PBXFrameworksBuildPhase;
			buildActionMask = 2147483647;
			files = (
				7E5132FF2A13C5CC00E68533 /* FirebaseDatabase in Frameworks */,
				7E5133092A13C60800E68533 /* UIImageColors in Frameworks */,
				7E51330F2A13C63000E68533 /* Kingfisher in Frameworks */,
				7E51330C2A13C61700E68533 /* MarqueeLabel in Frameworks */,
				7E5133062A13C5EB00E68533 /* NotificationBannerSwift in Frameworks */,
				7E5133012A13C5CC00E68533 /* FirebaseFirestore in Frameworks */,
				7E5133032A13C5CC00E68533 /* FirebaseStorage in Frameworks */,
				7E5133122A13C69400E68533 /* MusadoraKit in Frameworks */,
				7B320631CABAF821C5A00C9C /* Pods_wav.framework in Frameworks */,
			);
			runOnlyForDeploymentPostprocessing = 0;
		};
/* End PBXFrameworksBuildPhase section */

/* Begin PBXGroup section */
		48421266CA3F92537958D832 /* Frameworks */ = {
			isa = PBXGroup;
			children = (
				BDC1A1F33F472DD13734BB7B /* Pods_wav.framework */,
			);
			name = Frameworks;
			sourceTree = "<group>";
		};
		6D597328551C88A651B90988 /* Pods */ = {
			isa = PBXGroup;
			children = (
				A67795D906E603AEA50EC2C0 /* Pods-wav.debug.xcconfig */,
				AD6C4A0622EBBF81252B1729 /* Pods-wav.release.xcconfig */,
			);
			path = Pods;
			sourceTree = "<group>";
		};
		7E004AB42A13FB3E0024CDBC /* FavoriteGenre */ = {
			isa = PBXGroup;
			children = (
				7E004AB52A13FB5D0024CDBC /* LocationViewController+getUserFavoriteGenre.swift */,
			);
			path = FavoriteGenre;
			sourceTree = "<group>";
		};
		7E004AB92A13FD4E0024CDBC /* FavoriteSong */ = {
			isa = PBXGroup;
			children = (
				7E004ABA2A13FD710024CDBC /* LocationViewController+getUserFavoriteSong.swift */,
			);
			path = FavoriteSong;
			sourceTree = "<group>";
		};
		7E004ABE2A152E530024CDBC /* LiveSessionPlayer */ = {
			isa = PBXGroup;
			children = (
				7E004ABF2A152E6F0024CDBC /* LiveSessionPlayerViewController.swift */,
				7E004AC12A152E810024CDBC /* LiveSessionPlayer.storyboard */,
				7E004AC52A1538260024CDBC /* getSongInfo.swift */,
			);
			path = LiveSessionPlayer;
			sourceTree = "<group>";
		};
		7E004AC72A154A140024CDBC /* UserInteraction */ = {
			isa = PBXGroup;
			children = (
				7E004AC82A154A320024CDBC /* UserInteractionViewController.swift */,
				7E004ACA2A154A570024CDBC /* UserInteraction.storyboard */,
				7E004AD12A15529E0024CDBC /* UserInteractionViewController+MPCTokenSharing.swift */,
				7E004AD32A1553B50024CDBC /* UserInteractionViewController+NISessionDelegate.swift */,
			);
			path = UserInteraction;
			sourceTree = "<group>";
		};
		7E004ACC2A1551130024CDBC /* MPCSupport */ = {
			isa = PBXGroup;
			children = (
				7E004ACD2A1551340024CDBC /* MPCSession.swift */,
				7E004AD62A1AA5010024CDBC /* MathUtilities.swift */,
				7E004AD82A1AB0940024CDBC /* DistanceDirectionState.swift */,
			);
			path = MPCSupport;
			sourceTree = "<group>";
		};
		7E004ACF2A1551770024CDBC /* Licenses */ = {
			isa = PBXGroup;
			children = (
				7E004AD02A15519C0024CDBC /* MPCSession License.md */,
			);
			path = Licenses;
			sourceTree = "<group>";
		};
		7E004ADA2A1D1BEE0024CDBC /* TabBar */ = {
			isa = PBXGroup;
			children = (
				7E004ADD2A1D1C5F0024CDBC /* TabBarViewController.swift */,
			);
			path = TabBar;
			sourceTree = "<group>";
		};
		7E004AE12A20E9D80024CDBC /* AlbumView */ = {
			isa = PBXGroup;
			children = (
				7E004AEC2A20ED140024CDBC /* Album */,
				7E004AE92A20EC3B0024CDBC /* Models */,
				7E004AE62A20EBC50024CDBC /* TableView */,
				7E004AE22A20EA340024CDBC /* Album.storyboard */,
				7E004AE42A20EA4A0024CDBC /* AlbumViewController.swift */,
			);
			path = AlbumView;
			sourceTree = "<group>";
		};
		7E004AE62A20EBC50024CDBC /* TableView */ = {
			isa = PBXGroup;
			children = (
				7E004AE72A20EBE60024CDBC /* AlbumViewController+TableView.swift */,
			);
			path = TableView;
			sourceTree = "<group>";
		};
		7E004AE92A20EC3B0024CDBC /* Models */ = {
			isa = PBXGroup;
			children = (
				7E004AEA2A20EC570024CDBC /* AlbumTracksTableViewCell.swift */,
			);
			path = Models;
			sourceTree = "<group>";
		};
		7E004AEC2A20ED140024CDBC /* Album */ = {
			isa = PBXGroup;
			children = (
				7E004AED2A20ED270024CDBC /* AlbumViewController+fetchAlbum.swift */,
			);
			path = Album;
			sourceTree = "<group>";
		};
		7E2811E32A278C4C006D9925 /* Artist */ = {
			isa = PBXGroup;
			children = (
				7E2811EE2A28C15D006D9925 /* Models */,
				7E2811EB2A28BFF7006D9925 /* CollectionView */,
				7E2811E82A279A5E006D9925 /* ArtistData */,
				7E2811E42A278C70006D9925 /* Artist.storyboard */,
				7E2811E62A278C81006D9925 /* ArtistViewController.swift */,
			);
			path = Artist;
			sourceTree = "<group>";
		};
		7E2811E82A279A5E006D9925 /* ArtistData */ = {
			isa = PBXGroup;
			children = (
				7E2811E92A279A6F006D9925 /* ArtistViewController+ArtistData.swift */,
			);
			path = ArtistData;
			sourceTree = "<group>";
		};
		7E2811EB2A28BFF7006D9925 /* CollectionView */ = {
			isa = PBXGroup;
			children = (
				7E2811EC2A28C00A006D9925 /* ArtistViewController+CollectionView.swift */,
			);
			path = CollectionView;
			sourceTree = "<group>";
		};
		7E2811EE2A28C15D006D9925 /* Models */ = {
			isa = PBXGroup;
			children = (
				7E2811EF2A28C175006D9925 /* TopsSongsCollectionViewCell.swift */,
				7E2811F12A28CDAE006D9925 /* ArtistAlbumCollectionViewCell.swift */,
				7E2811F32A28D3E1006D9925 /* ArtistPlaylistCollectionViewCell.swift */,
			);
			path = Models;
			sourceTree = "<group>";
		};
		7E2811F52A2B7A90006D9925 /* Profile */ = {
			isa = PBXGroup;
			children = (
				7E2811F62A2B7AB5006D9925 /* Profile.storyboard */,
				7E2811F82A2B7AC6006D9925 /* ProfileViewController.swift */,
			);
			path = Profile;
			sourceTree = "<group>";
		};
		7E418B572A02F42B007B9863 /* History */ = {
			isa = PBXGroup;
			children = (
				7E418B582A02F446007B9863 /* HomeViewController+History.swift */,
			);
			path = History;
			sourceTree = "<group>";
		};
		7E418B642A0320AE007B9863 /* HomePlayer */ = {
			isa = PBXGroup;
			children = (
				7E418B652A0320C0007B9863 /* HomePlayer.swift */,
				7E91E62D2A0680D000ADB0EE /* HomePlayerViewController+FetchCurrentlyPlaying.swift */,
			);
			path = HomePlayer;
			sourceTree = "<group>";
		};
		7E5132EA2A12F0AD00E68533 /* Models */ = {
			isa = PBXGroup;
			children = (
				7E5132E82A12F0A500E68533 /* NearbyUser.swift */,
			);
			path = Models;
			sourceTree = "<group>";
		};
		7E5132EB2A13ABD200E68533 /* NearbySongs */ = {
			isa = PBXGroup;
			children = (
				7E5132EC2A13ABED00E68533 /* NearbyViewController+NearbySongs.swift */,
			);
			path = NearbySongs;
			sourceTree = "<group>";
		};
		7E5132EE2A13B2B800E68533 /* Models */ = {
			isa = PBXGroup;
			children = (
				7E5132EF2A13B2C500E68533 /* NearbyUsersTableViewCell.swift */,
			);
			path = Models;
			sourceTree = "<group>";
		};
		7E6AD29E2A0C43A80068027A /* TableView */ = {
			isa = PBXGroup;
			children = (
				7E6AD29F2A0C43BA0068027A /* ListViewController+tableView.swift */,
			);
			path = TableView;
			sourceTree = "<group>";
		};
		7E91E61C2A059C4400ADB0EE /* Stations */ = {
			isa = PBXGroup;
			children = (
				7E91E61D2A059C5A00ADB0EE /* HomeViewController+Stations.swift */,
			);
			path = Stations;
			sourceTree = "<group>";
		};
		7E91E61F2A05A35F00ADB0EE /* CollectionView */ = {
			isa = PBXGroup;
			children = (
				7E91E6202A05A37200ADB0EE /* HomeViewController+CollectionView.swift */,
			);
			path = CollectionView;
			sourceTree = "<group>";
		};
		7E91E6262A05AA9400ADB0EE /* Player */ = {
			isa = PBXGroup;
			children = (
				7E91E6272A05AAA200ADB0EE /* Player.storyboard */,
				7E91E6292A05AAB300ADB0EE /* PlayerViewController.swift */,
				7E91E62B2A067F5100ADB0EE /* PlayerViewController+fetchPlayingSong.swift */,
				7EF5583B2A06DE9F00D1FE8F /* PlayerViewController+Observers.swift */,
				7E004ADF2A20E6300024CDBC /* PlayerViewController+MPCTokenSharing.swift */,
			);
			path = Player;
			sourceTree = "<group>";
		};
		7EA183A12A01B1A600F658E4 /* Models */ = {
			isa = PBXGroup;
			children = (
				7EA183A22A01B1B600F658E4 /* RecentItems.swift */,
				7E418B5A2A02F5F5007B9863 /* RecentItemCollectionViewCell.swift */,
				7E91E6242A05A48500ADB0EE /* ForYouCollectionViewCell.swift */,
				7EF5588F2A0B2D0A00D1FE8F /* RecommendedArtistCollectionViewCell.swift */,
			);
			path = Models;
			sourceTree = "<group>";
		};
		7EAB3ECF2A0162D500BB2E0B = {
			isa = PBXGroup;
			children = (
				7E004ACF2A1551770024CDBC /* Licenses */,
				7EAB3EDA2A0162D500BB2E0B /* wav */,
				7EAB3ED92A0162D500BB2E0B /* Products */,
				6D597328551C88A651B90988 /* Pods */,
				48421266CA3F92537958D832 /* Frameworks */,
			);
			sourceTree = "<group>";
		};
		7EAB3ED92A0162D500BB2E0B /* Products */ = {
			isa = PBXGroup;
			children = (
				7EAB3ED82A0162D500BB2E0B /* wav.app */,
			);
			name = Products;
			sourceTree = "<group>";
		};
		7EAB3EDA2A0162D500BB2E0B /* wav */ = {
			isa = PBXGroup;
			children = (
				7EF5586A2A098F7600D1FE8F /* Supporting Files */,
				7EAB3EF42A0162EA00BB2E0B /* UI */,
				7EAB3EF32A0162E500BB2E0B /* Helpers */,
				7EAB3EF22A0162E000BB2E0B /* Modules */,
				7EAB3EDB2A0162D500BB2E0B /* AppDelegate.swift */,
				7EAB3EDD2A0162D500BB2E0B /* SceneDelegate.swift */,
				7EAB3EEC2A0162D700BB2E0B /* Info.plist */,
				7EAB3EE42A0162D500BB2E0B /* wav.xcdatamodeld */,
			);
			path = wav;
			sourceTree = "<group>";
		};
		7EAB3EF22A0162E000BB2E0B /* Modules */ = {
			isa = PBXGroup;
			children = (
				7EAB3EF52A0162FB00BB2E0B /* Launchscreen */,
				7EAB3EF72A01635100BB2E0B /* Login */,
				7EF558672A098BA400D1FE8F /* Name */,
				7EF558852A0AED5700D1FE8F /* Location */,
				7EAB3EF62A01634B00BB2E0B /* Home */,
				7E91E6262A05AA9400ADB0EE /* Player */,
				7EF558502A087EF500D1FE8F /* Search */,
				7EF5585A2A08839E00D1FE8F /* Library */,
				7EF5584B2A087E1400D1FE8F /* ListSongView */,
				7EF558552A0881A600D1FE8F /* Nearby */,
				7E004AE12A20E9D80024CDBC /* AlbumView */,
				7E004ABE2A152E530024CDBC /* LiveSessionPlayer */,
				7E004AC72A154A140024CDBC /* UserInteraction */,
				7E2811F52A2B7A90006D9925 /* Profile */,
				7E2811E32A278C4C006D9925 /* Artist */,
			);
			path = Modules;
			sourceTree = "<group>";
		};
		7EAB3EF32A0162E500BB2E0B /* Helpers */ = {
			isa = PBXGroup;
			children = (
				7E004ACC2A1551130024CDBC /* MPCSupport */,
				7EF5587C2A0A95BB00D1FE8F /* LiveShare */,
				7EF558742A09A31600D1FE8F /* DatabaseUsers */,
				7E91E62F2A0681B300ADB0EE /* MusicPlaybackControl.swift */,
				7EF558312A06A42000D1FE8F /* NSNotification.name+selectedSongIDChanged.swift */,
				7EF5583D2A06F4EB00D1FE8F /* formatPlaybackTime.swift */,
				7EF5587F2A0AA04C00D1FE8F /* UserDefaultManager.swift */,
				7EF558812A0AA57A00D1FE8F /* getUserIDFromCoreData.swift */,
				7EC797B62A0C612A003DEB15 /* debounce.swift */,
			);
			path = Helpers;
			sourceTree = "<group>";
		};
		7EAB3EF42A0162EA00BB2E0B /* UI */ = {
			isa = PBXGroup;
			children = (
				7EAB3EE72A0162D700BB2E0B /* Assets.xcassets */,
				7E418B622A03155C007B9863 /* shadowView.swift */,
				7E418B6A2A03276C007B9863 /* UIColor+isDark.swift */,
				7E418B6C2A056FDB007B9863 /* showLoadingView.swift */,
				7EBBEAFA2A057D1300A2970C /* updateBackgroundColor.swift */,
				7EF5583F2A06F89000D1FE8F /* updateTimelineGradient.swift */,
				7EF558492A08610300D1FE8F /* animateImageTransition.swift */,
				7EF5587A2A0A911700D1FE8F /* loadingIndicator.swift */,
				7E567B5E2A0C052200172755 /* addGradient.swift */,
			);
			path = UI;
			sourceTree = "<group>";
		};
		7EAB3EF52A0162FB00BB2E0B /* Launchscreen */ = {
			isa = PBXGroup;
			children = (
				7EAB3EDF2A0162D500BB2E0B /* ViewController.swift */,
				7EAB3EE12A0162D500BB2E0B /* Main.storyboard */,
				7EAB3EE92A0162D700BB2E0B /* LaunchScreen.storyboard */,
			);
			path = Launchscreen;
			sourceTree = "<group>";
		};
		7EAB3EF62A01634B00BB2E0B /* Home */ = {
			isa = PBXGroup;
			children = (
				7E004ADA2A1D1BEE0024CDBC /* TabBar */,
				7EA183A12A01B1A600F658E4 /* Models */,
				7EAB3EFE2A0165F800BB2E0B /* Home.storyboard */,
				7EAB3EFC2A0165F100BB2E0B /* HomeViewController.swift */,
				7E418B642A0320AE007B9863 /* HomePlayer */,
				7E91E61F2A05A35F00ADB0EE /* CollectionView */,
				7E418B572A02F42B007B9863 /* History */,
				7EEA00312A0D6A0400B7304F /* Albums */,
				7E91E61C2A059C4400ADB0EE /* Stations */,
				7EF558932A0B323900D1FE8F /* Artists */,
			);
			path = Home;
			sourceTree = "<group>";
		};
		7EAB3EF72A01635100BB2E0B /* Login */ = {
			isa = PBXGroup;
			children = (
				7EAB3EF82A01636900BB2E0B /* Login.storyboard */,
				7EAB3EFA2A01637800BB2E0B /* LoginViewController.swift */,
			);
			path = Login;
			sourceTree = "<group>";
		};
		7EC2404F2A0C3B3900029BC7 /* Models */ = {
			isa = PBXGroup;
			children = (
				7EC240522A0C3BB500029BC7 /* TracksTableViewCell.swift */,
			);
			path = Models;
			sourceTree = "<group>";
		};
		7EEA002E2A0D58A100B7304F /* Playlist */ = {
			isa = PBXGroup;
			children = (
				7EEA002F2A0D58B500B7304F /* ListViewController+fetchPlaylist.swift */,
			);
			path = Playlist;
			sourceTree = "<group>";
		};
		7EEA00312A0D6A0400B7304F /* Albums */ = {
			isa = PBXGroup;
			children = (
				7EEA00322A0D6A1E00B7304F /* HomeViewController+Albums.swift */,
			);
			path = Albums;
			sourceTree = "<group>";
		};
		7EEA00342A0D74EF00B7304F /* Map */ = {
			isa = PBXGroup;
			children = (
				7E004AB22A13E0170024CDBC /* NearbyViewController+radar.swift */,
			);
			path = Map;
			sourceTree = "<group>";
		};
		7EF5584B2A087E1400D1FE8F /* ListSongView */ = {
			isa = PBXGroup;
			children = (
				7EEA002E2A0D58A100B7304F /* Playlist */,
				7E6AD29E2A0C43A80068027A /* TableView */,
				7EC2404F2A0C3B3900029BC7 /* Models */,
				7EF5584C2A087E3700D1FE8F /* ListViewController.swift */,
				7EF5584E2A087E4000D1FE8F /* List.storyboard */,
			);
			path = ListSongView;
			sourceTree = "<group>";
		};
		7EF558502A087EF500D1FE8F /* Search */ = {
			isa = PBXGroup;
			children = (
				7EF558512A087F1300D1FE8F /* Search.storyboard */,
				7EF558532A087F2100D1FE8F /* SearchViewController.swift */,
				7EF5585F2A092F5D00D1FE8F /* SearchViewController+TableView.swift */,
				7EF558632A09337200D1FE8F /* SearchViewCell.swift */,
			);
			path = Search;
			sourceTree = "<group>";
		};
		7EF558552A0881A600D1FE8F /* Nearby */ = {
			isa = PBXGroup;
			children = (
				7E5132EE2A13B2B800E68533 /* Models */,
				7E5132EB2A13ABD200E68533 /* NearbySongs */,
				7EEA00342A0D74EF00B7304F /* Map */,
				7EF558562A0881CA00D1FE8F /* NearbyViewController.swift */,
				7EF558582A0881D200D1FE8F /* Nearby.storyboard */,
			);
			path = Nearby;
			sourceTree = "<group>";
		};
		7EF5585A2A08839E00D1FE8F /* Library */ = {
			isa = PBXGroup;
			children = (
				7EF5588C2A0B23EA00D1FE8F /* Models */,
				7EF5585B2A0883B400D1FE8F /* LibraryViewController.swift */,
				7EF5585D2A0883C200D1FE8F /* Library.storyboard */,
				7EF5588A2A0B212500D1FE8F /* LibraryViewController+fetchLibrary.swift */,
			);
			path = Library;
			sourceTree = "<group>";
		};
		7EF558672A098BA400D1FE8F /* Name */ = {
			isa = PBXGroup;
			children = (
				7EF558652A098B9F00D1FE8F /* NameViewController.swift */,
				7EF558682A098BC200D1FE8F /* Name.storyboard */,
			);
			path = Name;
			sourceTree = "<group>";
		};
		7EF5586A2A098F7600D1FE8F /* Supporting Files */ = {
			isa = PBXGroup;
			children = (
				7EF5586B2A098F8B00D1FE8F /* GoogleService-Info.plist */,
			);
			path = "Supporting Files";
			sourceTree = "<group>";
		};
		7EF558742A09A31600D1FE8F /* DatabaseUsers */ = {
			isa = PBXGroup;
			children = (
				7EF558752A09A39500D1FE8F /* createUser.swift */,
				7E004AB72A13FBFF0024CDBC /* addGenre.swift */,
				7E004ABC2A1401BA0024CDBC /* addFavoriteSong.swift */,
				7E004AC32A15314E0024CDBC /* updateLocationDB.swift */,
				7E2811FB2A2D615A006D9925 /* getUser.swift */,
				7E2811FD2A2D699F006D9925 /* updateUsername.swift */,
			);
			path = DatabaseUsers;
			sourceTree = "<group>";
		};
		7EF5587C2A0A95BB00D1FE8F /* LiveShare */ = {
			isa = PBXGroup;
			children = (
				7E5132EA2A12F0AD00E68533 /* Models */,
				7EF5587D2A0A95CB00D1FE8F /* startLiveShareSession.swift */,
				7EF558832A0AA5BE00D1FE8F /* stopLiveShareSession.swift */,
				7E5132DE2A12DE7200E68533 /* getNearbyUsers.swift */,
			);
			path = LiveShare;
			sourceTree = "<group>";
		};
		7EF558852A0AED5700D1FE8F /* Location */ = {
			isa = PBXGroup;
			children = (
				7E004AB92A13FD4E0024CDBC /* FavoriteSong */,
				7E004AB42A13FB3E0024CDBC /* FavoriteGenre */,
				7EF558862A0AED7100D1FE8F /* LocationViewController.swift */,
				7EF558882A0AED7B00D1FE8F /* Location.storyboard */,
			);
			path = Location;
			sourceTree = "<group>";
		};
		7EF5588C2A0B23EA00D1FE8F /* Models */ = {
			isa = PBXGroup;
			children = (
				7EF5588D2A0B240200D1FE8F /* LibraryCollectionViewCell.swift */,
			);
			path = Models;
			sourceTree = "<group>";
		};
		7EF558932A0B323900D1FE8F /* Artists */ = {
			isa = PBXGroup;
			children = (
				7EF558912A0B2FF900D1FE8F /* HomeViewController+fetchRecommendedArtists.swift */,
			);
			path = Artists;
			sourceTree = "<group>";
		};
/* End PBXGroup section */

/* Begin PBXNativeTarget section */
		7EAB3ED72A0162D500BB2E0B /* wav */ = {
			isa = PBXNativeTarget;
			buildConfigurationList = 7EAB3EEF2A0162D700BB2E0B /* Build configuration list for PBXNativeTarget "wav" */;
			buildPhases = (
				6C723C8DA44A7872823C7A22 /* [CP] Check Pods Manifest.lock */,
				7EAB3ED42A0162D500BB2E0B /* Sources */,
				7EAB3ED52A0162D500BB2E0B /* Frameworks */,
				7EAB3ED62A0162D500BB2E0B /* Resources */,
				A44C6B59DFDDF61586BA547F /* [CP] Embed Pods Frameworks */,
			);
			buildRules = (
			);
			dependencies = (
			);
			name = wav;
			packageProductDependencies = (
				7E5132FE2A13C5CC00E68533 /* FirebaseDatabase */,
				7E5133002A13C5CC00E68533 /* FirebaseFirestore */,
				7E5133022A13C5CC00E68533 /* FirebaseStorage */,
				7E5133052A13C5EB00E68533 /* NotificationBannerSwift */,
				7E5133082A13C60800E68533 /* UIImageColors */,
				7E51330B2A13C61700E68533 /* MarqueeLabel */,
				7E51330E2A13C63000E68533 /* Kingfisher */,
				7E5133112A13C69400E68533 /* MusadoraKit */,
			);
			productName = wav;
			productReference = 7EAB3ED82A0162D500BB2E0B /* wav.app */;
			productType = "com.apple.product-type.application";
		};
/* End PBXNativeTarget section */

/* Begin PBXProject section */
		7EAB3ED02A0162D500BB2E0B /* Project object */ = {
			isa = PBXProject;
			attributes = {
				BuildIndependentTargetsInParallel = 1;
				LastSwiftUpdateCheck = 1420;
				LastUpgradeCheck = 1420;
				TargetAttributes = {
					7EAB3ED72A0162D500BB2E0B = {
						CreatedOnToolsVersion = 14.2;
					};
				};
			};
			buildConfigurationList = 7EAB3ED32A0162D500BB2E0B /* Build configuration list for PBXProject "wav" */;
			compatibilityVersion = "Xcode 14.0";
			developmentRegion = en;
			hasScannedForEncodings = 0;
			knownRegions = (
				en,
				Base,
			);
			mainGroup = 7EAB3ECF2A0162D500BB2E0B;
			packageReferences = (
				7E5132FD2A13C5CC00E68533 /* XCRemoteSwiftPackageReference "firebase-ios-sdk" */,
				7E5133042A13C5EB00E68533 /* XCRemoteSwiftPackageReference "NotificationBanner" */,
				7E5133072A13C60800E68533 /* XCRemoteSwiftPackageReference "UIImageColors" */,
				7E51330A2A13C61700E68533 /* XCRemoteSwiftPackageReference "MarqueeLabel" */,
				7E51330D2A13C63000E68533 /* XCRemoteSwiftPackageReference "Kingfisher" */,
				7E5133102A13C69400E68533 /* XCRemoteSwiftPackageReference "MusadoraKit" */,
			);
			productRefGroup = 7EAB3ED92A0162D500BB2E0B /* Products */;
			projectDirPath = "";
			projectRoot = "";
			targets = (
				7EAB3ED72A0162D500BB2E0B /* wav */,
			);
		};
/* End PBXProject section */

/* Begin PBXResourcesBuildPhase section */
		7EAB3ED62A0162D500BB2E0B /* Resources */ = {
			isa = PBXResourcesBuildPhase;
			buildActionMask = 2147483647;
			files = (
				7EAB3EF92A01636900BB2E0B /* Login.storyboard in Resources */,
				7EF5584F2A087E4000D1FE8F /* List.storyboard in Resources */,
				7EF5585E2A0883C200D1FE8F /* Library.storyboard in Resources */,
				7EF5586C2A098F8B00D1FE8F /* GoogleService-Info.plist in Resources */,
				7EF558592A0881D200D1FE8F /* Nearby.storyboard in Resources */,
				7EAB3EFF2A0165F800BB2E0B /* Home.storyboard in Resources */,
				7E2811F72A2B7AB5006D9925 /* Profile.storyboard in Resources */,
				7E004AC22A152E810024CDBC /* LiveSessionPlayer.storyboard in Resources */,
				7E004ACB2A154A570024CDBC /* UserInteraction.storyboard in Resources */,
				7E004AE32A20EA340024CDBC /* Album.storyboard in Resources */,
				7E2811E52A278C70006D9925 /* Artist.storyboard in Resources */,
				7EF558892A0AED7B00D1FE8F /* Location.storyboard in Resources */,
				7EAB3EEB2A0162D700BB2E0B /* LaunchScreen.storyboard in Resources */,
				7EAB3EE82A0162D700BB2E0B /* Assets.xcassets in Resources */,
				7EAB3EE32A0162D500BB2E0B /* Main.storyboard in Resources */,
				7EF558522A087F1300D1FE8F /* Search.storyboard in Resources */,
				7E91E6282A05AAA200ADB0EE /* Player.storyboard in Resources */,
				7EF558692A098BC200D1FE8F /* Name.storyboard in Resources */,
			);
			runOnlyForDeploymentPostprocessing = 0;
		};
/* End PBXResourcesBuildPhase section */

/* Begin PBXShellScriptBuildPhase section */
		6C723C8DA44A7872823C7A22 /* [CP] Check Pods Manifest.lock */ = {
			isa = PBXShellScriptBuildPhase;
			buildActionMask = 2147483647;
			files = (
			);
			inputFileListPaths = (
			);
			inputPaths = (
				"${PODS_PODFILE_DIR_PATH}/Podfile.lock",
				"${PODS_ROOT}/Manifest.lock",
			);
			name = "[CP] Check Pods Manifest.lock";
			outputFileListPaths = (
			);
			outputPaths = (
				"$(DERIVED_FILE_DIR)/Pods-wav-checkManifestLockResult.txt",
			);
			runOnlyForDeploymentPostprocessing = 0;
			shellPath = /bin/sh;
			shellScript = "diff \"${PODS_PODFILE_DIR_PATH}/Podfile.lock\" \"${PODS_ROOT}/Manifest.lock\" > /dev/null\nif [ $? != 0 ] ; then\n    # print error to STDERR\n    echo \"error: The sandbox is not in sync with the Podfile.lock. Run 'pod install' or update your CocoaPods installation.\" >&2\n    exit 1\nfi\n# This output is used by Xcode 'outputs' to avoid re-running this script phase.\necho \"SUCCESS\" > \"${SCRIPT_OUTPUT_FILE_0}\"\n";
			showEnvVarsInLog = 0;
		};
		A44C6B59DFDDF61586BA547F /* [CP] Embed Pods Frameworks */ = {
			isa = PBXShellScriptBuildPhase;
			buildActionMask = 2147483647;
			files = (
			);
			inputFileListPaths = (
				"${PODS_ROOT}/Target Support Files/Pods-wav/Pods-wav-frameworks-${CONFIGURATION}-input-files.xcfilelist",
			);
			name = "[CP] Embed Pods Frameworks";
			outputFileListPaths = (
				"${PODS_ROOT}/Target Support Files/Pods-wav/Pods-wav-frameworks-${CONFIGURATION}-output-files.xcfilelist",
			);
			runOnlyForDeploymentPostprocessing = 0;
			shellPath = /bin/sh;
			shellScript = "\"${PODS_ROOT}/Target Support Files/Pods-wav/Pods-wav-frameworks.sh\"\n";
			showEnvVarsInLog = 0;
		};
/* End PBXShellScriptBuildPhase section */

/* Begin PBXSourcesBuildPhase section */
		7EAB3ED42A0162D500BB2E0B /* Sources */ = {
			isa = PBXSourcesBuildPhase;
			buildActionMask = 2147483647;
			files = (
				7EF5588B2A0B212500D1FE8F /* LibraryViewController+fetchLibrary.swift in Sources */,
				7E2811F42A28D3E1006D9925 /* ArtistPlaylistCollectionViewCell.swift in Sources */,
				7E91E61E2A059C5A00ADB0EE /* HomeViewController+Stations.swift in Sources */,
				7E5132E92A12F0A500E68533 /* NearbyUser.swift in Sources */,
				7E004AC62A1538260024CDBC /* getSongInfo.swift in Sources */,
				7EF558602A092F5D00D1FE8F /* SearchViewController+TableView.swift in Sources */,
				7E2811F92A2B7AC6006D9925 /* ProfileViewController.swift in Sources */,
				7EF558762A09A39500D1FE8F /* createUser.swift in Sources */,
				7EF5583C2A06DE9F00D1FE8F /* PlayerViewController+Observers.swift in Sources */,
				7E2811FC2A2D615A006D9925 /* getUser.swift in Sources */,
				7EF5583E2A06F4EB00D1FE8F /* formatPlaybackTime.swift in Sources */,
				7EF558802A0AA04C00D1FE8F /* UserDefaultManager.swift in Sources */,
				7E004AB32A13E0170024CDBC /* NearbyViewController+radar.swift in Sources */,
				7E418B592A02F446007B9863 /* HomeViewController+History.swift in Sources */,
				7E418B6B2A03276C007B9863 /* UIColor+isDark.swift in Sources */,
				7E004AC92A154A320024CDBC /* UserInteractionViewController.swift in Sources */,
				7EF5584D2A087E3700D1FE8F /* ListViewController.swift in Sources */,
				7E418B662A0320C0007B9863 /* HomePlayer.swift in Sources */,
				7EF558902A0B2D0A00D1FE8F /* RecommendedArtistCollectionViewCell.swift in Sources */,
				7E2811F22A28CDAE006D9925 /* ArtistAlbumCollectionViewCell.swift in Sources */,
				7E004AE52A20EA4A0024CDBC /* AlbumViewController.swift in Sources */,
				7EAB3EE02A0162D500BB2E0B /* ViewController.swift in Sources */,
				7E91E62C2A067F5100ADB0EE /* PlayerViewController+fetchPlayingSong.swift in Sources */,
				7E2811F02A28C175006D9925 /* TopsSongsCollectionViewCell.swift in Sources */,
				7E2811ED2A28C00A006D9925 /* ArtistViewController+CollectionView.swift in Sources */,
				7E5132ED2A13ABED00E68533 /* NearbyViewController+NearbySongs.swift in Sources */,
				7E6AD2A02A0C43BA0068027A /* ListViewController+tableView.swift in Sources */,
				7E004ABB2A13FD710024CDBC /* LocationViewController+getUserFavoriteSong.swift in Sources */,
				7E004AD42A1553B50024CDBC /* UserInteractionViewController+NISessionDelegate.swift in Sources */,
				7EF5585C2A0883B400D1FE8F /* LibraryViewController.swift in Sources */,
				7E91E62A2A05AAB300ADB0EE /* PlayerViewController.swift in Sources */,
				7E91E6302A0681B300ADB0EE /* MusicPlaybackControl.swift in Sources */,
				7EF558872A0AED7100D1FE8F /* LocationViewController.swift in Sources */,
				7E91E6252A05A48500ADB0EE /* ForYouCollectionViewCell.swift in Sources */,
				7EF558842A0AA5BE00D1FE8F /* stopLiveShareSession.swift in Sources */,
				7E2811E72A278C81006D9925 /* ArtistViewController.swift in Sources */,
				7E418B6D2A056FDB007B9863 /* showLoadingView.swift in Sources */,
				7E567B5F2A0C052200172755 /* addGradient.swift in Sources */,
				7E91E62E2A0680D000ADB0EE /* HomePlayerViewController+FetchCurrentlyPlaying.swift in Sources */,
				7E004AE02A20E6300024CDBC /* PlayerViewController+MPCTokenSharing.swift in Sources */,
				7EF558402A06F89000D1FE8F /* updateTimelineGradient.swift in Sources */,
				7E004AD92A1AB0940024CDBC /* DistanceDirectionState.swift in Sources */,
				7EF5588E2A0B240200D1FE8F /* LibraryCollectionViewCell.swift in Sources */,
				7EAB3EDC2A0162D500BB2E0B /* AppDelegate.swift in Sources */,
				7EEA00332A0D6A1E00B7304F /* HomeViewController+Albums.swift in Sources */,
				7E004AB82A13FBFF0024CDBC /* addGenre.swift in Sources */,
				7E004AD72A1AA5010024CDBC /* MathUtilities.swift in Sources */,
				7E004AC42A15314E0024CDBC /* updateLocationDB.swift in Sources */,
				7EF558572A0881CA00D1FE8F /* NearbyViewController.swift in Sources */,
				7EA183A32A01B1B600F658E4 /* RecentItems.swift in Sources */,
				7EF558322A06A42000D1FE8F /* NSNotification.name+selectedSongIDChanged.swift in Sources */,
				7E004AC02A152E6F0024CDBC /* LiveSessionPlayerViewController.swift in Sources */,
				7EAB3EE62A0162D500BB2E0B /* wav.xcdatamodeld in Sources */,
				7EF5587B2A0A911700D1FE8F /* loadingIndicator.swift in Sources */,
				7E2811EA2A279A6F006D9925 /* ArtistViewController+ArtistData.swift in Sources */,
				7EBBEAFB2A057D1300A2970C /* updateBackgroundColor.swift in Sources */,
				7EAB3EFB2A01637800BB2E0B /* LoginViewController.swift in Sources */,
				7E5132F02A13B2C500E68533 /* NearbyUsersTableViewCell.swift in Sources */,
				7EF558662A098B9F00D1FE8F /* NameViewController.swift in Sources */,
				7EF558922A0B2FF900D1FE8F /* HomeViewController+fetchRecommendedArtists.swift in Sources */,
				7E004ACE2A1551340024CDBC /* MPCSession.swift in Sources */,
				7E418B5B2A02F5F5007B9863 /* RecentItemCollectionViewCell.swift in Sources */,
				7E004AD22A15529E0024CDBC /* UserInteractionViewController+MPCTokenSharing.swift in Sources */,
				7E004AEE2A20ED270024CDBC /* AlbumViewController+fetchAlbum.swift in Sources */,
				7E5132DF2A12DE7200E68533 /* getNearbyUsers.swift in Sources */,
				7E91E6212A05A37200ADB0EE /* HomeViewController+CollectionView.swift in Sources */,
				7EF558642A09337200D1FE8F /* SearchViewCell.swift in Sources */,
				7EF558822A0AA57A00D1FE8F /* getUserIDFromCoreData.swift in Sources */,
				7E004ABD2A1401BA0024CDBC /* addFavoriteSong.swift in Sources */,
				7EF5584A2A08610300D1FE8F /* animateImageTransition.swift in Sources */,
				7EC240532A0C3BB500029BC7 /* TracksTableViewCell.swift in Sources */,
				7E418B632A03155C007B9863 /* shadowView.swift in Sources */,
				7E2811FE2A2D699F006D9925 /* updateUsername.swift in Sources */,
				7E004ADE2A1D1C5F0024CDBC /* TabBarViewController.swift in Sources */,
				7EC797B72A0C612A003DEB15 /* debounce.swift in Sources */,
				7EAB3EDE2A0162D500BB2E0B /* SceneDelegate.swift in Sources */,
				7EEA00302A0D58B500B7304F /* ListViewController+fetchPlaylist.swift in Sources */,
				7E004AEB2A20EC570024CDBC /* AlbumTracksTableViewCell.swift in Sources */,
				7EAB3EFD2A0165F100BB2E0B /* HomeViewController.swift in Sources */,
				7E004AE82A20EBE60024CDBC /* AlbumViewController+TableView.swift in Sources */,
				7EF5587E2A0A95CB00D1FE8F /* startLiveShareSession.swift in Sources */,
				7EF558542A087F2100D1FE8F /* SearchViewController.swift in Sources */,
				7E004AB62A13FB5D0024CDBC /* LocationViewController+getUserFavoriteGenre.swift in Sources */,
			);
			runOnlyForDeploymentPostprocessing = 0;
		};
/* End PBXSourcesBuildPhase section */

/* Begin PBXVariantGroup section */
		7EAB3EE12A0162D500BB2E0B /* Main.storyboard */ = {
			isa = PBXVariantGroup;
			children = (
				7EAB3EE22A0162D500BB2E0B /* Base */,
			);
			name = Main.storyboard;
			sourceTree = "<group>";
		};
		7EAB3EE92A0162D700BB2E0B /* LaunchScreen.storyboard */ = {
			isa = PBXVariantGroup;
			children = (
				7EAB3EEA2A0162D700BB2E0B /* Base */,
			);
			name = LaunchScreen.storyboard;
			sourceTree = "<group>";
		};
/* End PBXVariantGroup section */

/* Begin XCBuildConfiguration section */
		7EAB3EED2A0162D700BB2E0B /* Debug */ = {
			isa = XCBuildConfiguration;
			buildSettings = {
				ALWAYS_SEARCH_USER_PATHS = NO;
				CLANG_ANALYZER_NONNULL = YES;
				CLANG_ANALYZER_NUMBER_OBJECT_CONVERSION = YES_AGGRESSIVE;
				CLANG_CXX_LANGUAGE_STANDARD = "gnu++20";
				CLANG_ENABLE_MODULES = YES;
				CLANG_ENABLE_OBJC_ARC = YES;
				CLANG_ENABLE_OBJC_WEAK = YES;
				CLANG_WARN_BLOCK_CAPTURE_AUTORELEASING = YES;
				CLANG_WARN_BOOL_CONVERSION = YES;
				CLANG_WARN_COMMA = YES;
				CLANG_WARN_CONSTANT_CONVERSION = YES;
				CLANG_WARN_DEPRECATED_OBJC_IMPLEMENTATIONS = YES;
				CLANG_WARN_DIRECT_OBJC_ISA_USAGE = YES_ERROR;
				CLANG_WARN_DOCUMENTATION_COMMENTS = YES;
				CLANG_WARN_EMPTY_BODY = YES;
				CLANG_WARN_ENUM_CONVERSION = YES;
				CLANG_WARN_INFINITE_RECURSION = YES;
				CLANG_WARN_INT_CONVERSION = YES;
				CLANG_WARN_NON_LITERAL_NULL_CONVERSION = YES;
				CLANG_WARN_OBJC_IMPLICIT_RETAIN_SELF = YES;
				CLANG_WARN_OBJC_LITERAL_CONVERSION = YES;
				CLANG_WARN_OBJC_ROOT_CLASS = YES_ERROR;
				CLANG_WARN_QUOTED_INCLUDE_IN_FRAMEWORK_HEADER = YES;
				CLANG_WARN_RANGE_LOOP_ANALYSIS = YES;
				CLANG_WARN_STRICT_PROTOTYPES = YES;
				CLANG_WARN_SUSPICIOUS_MOVE = YES;
				CLANG_WARN_UNGUARDED_AVAILABILITY = YES_AGGRESSIVE;
				CLANG_WARN_UNREACHABLE_CODE = YES;
				CLANG_WARN__DUPLICATE_METHOD_MATCH = YES;
				COPY_PHASE_STRIP = NO;
				DEBUG_INFORMATION_FORMAT = dwarf;
				ENABLE_STRICT_OBJC_MSGSEND = YES;
				ENABLE_TESTABILITY = YES;
				GCC_C_LANGUAGE_STANDARD = gnu11;
				GCC_DYNAMIC_NO_PIC = NO;
				GCC_NO_COMMON_BLOCKS = YES;
				GCC_OPTIMIZATION_LEVEL = 0;
				GCC_PREPROCESSOR_DEFINITIONS = (
					"DEBUG=1",
					"$(inherited)",
				);
				GCC_WARN_64_TO_32_BIT_CONVERSION = YES;
				GCC_WARN_ABOUT_RETURN_TYPE = YES_ERROR;
				GCC_WARN_UNDECLARED_SELECTOR = YES;
				GCC_WARN_UNINITIALIZED_AUTOS = YES_AGGRESSIVE;
				GCC_WARN_UNUSED_FUNCTION = YES;
				GCC_WARN_UNUSED_VARIABLE = YES;
				IPHONEOS_DEPLOYMENT_TARGET = 16.2;
				MTL_ENABLE_DEBUG_INFO = INCLUDE_SOURCE;
				MTL_FAST_MATH = YES;
				ONLY_ACTIVE_ARCH = YES;
				SDKROOT = iphoneos;
				SWIFT_ACTIVE_COMPILATION_CONDITIONS = DEBUG;
				SWIFT_OPTIMIZATION_LEVEL = "-Onone";
			};
			name = Debug;
		};
		7EAB3EEE2A0162D700BB2E0B /* Release */ = {
			isa = XCBuildConfiguration;
			buildSettings = {
				ALWAYS_SEARCH_USER_PATHS = NO;
				CLANG_ANALYZER_NONNULL = YES;
				CLANG_ANALYZER_NUMBER_OBJECT_CONVERSION = YES_AGGRESSIVE;
				CLANG_CXX_LANGUAGE_STANDARD = "gnu++20";
				CLANG_ENABLE_MODULES = YES;
				CLANG_ENABLE_OBJC_ARC = YES;
				CLANG_ENABLE_OBJC_WEAK = YES;
				CLANG_WARN_BLOCK_CAPTURE_AUTORELEASING = YES;
				CLANG_WARN_BOOL_CONVERSION = YES;
				CLANG_WARN_COMMA = YES;
				CLANG_WARN_CONSTANT_CONVERSION = YES;
				CLANG_WARN_DEPRECATED_OBJC_IMPLEMENTATIONS = YES;
				CLANG_WARN_DIRECT_OBJC_ISA_USAGE = YES_ERROR;
				CLANG_WARN_DOCUMENTATION_COMMENTS = YES;
				CLANG_WARN_EMPTY_BODY = YES;
				CLANG_WARN_ENUM_CONVERSION = YES;
				CLANG_WARN_INFINITE_RECURSION = YES;
				CLANG_WARN_INT_CONVERSION = YES;
				CLANG_WARN_NON_LITERAL_NULL_CONVERSION = YES;
				CLANG_WARN_OBJC_IMPLICIT_RETAIN_SELF = YES;
				CLANG_WARN_OBJC_LITERAL_CONVERSION = YES;
				CLANG_WARN_OBJC_ROOT_CLASS = YES_ERROR;
				CLANG_WARN_QUOTED_INCLUDE_IN_FRAMEWORK_HEADER = YES;
				CLANG_WARN_RANGE_LOOP_ANALYSIS = YES;
				CLANG_WARN_STRICT_PROTOTYPES = YES;
				CLANG_WARN_SUSPICIOUS_MOVE = YES;
				CLANG_WARN_UNGUARDED_AVAILABILITY = YES_AGGRESSIVE;
				CLANG_WARN_UNREACHABLE_CODE = YES;
				CLANG_WARN__DUPLICATE_METHOD_MATCH = YES;
				COPY_PHASE_STRIP = NO;
				DEBUG_INFORMATION_FORMAT = "dwarf-with-dsym";
				ENABLE_NS_ASSERTIONS = NO;
				ENABLE_STRICT_OBJC_MSGSEND = YES;
				GCC_C_LANGUAGE_STANDARD = gnu11;
				GCC_NO_COMMON_BLOCKS = YES;
				GCC_WARN_64_TO_32_BIT_CONVERSION = YES;
				GCC_WARN_ABOUT_RETURN_TYPE = YES_ERROR;
				GCC_WARN_UNDECLARED_SELECTOR = YES;
				GCC_WARN_UNINITIALIZED_AUTOS = YES_AGGRESSIVE;
				GCC_WARN_UNUSED_FUNCTION = YES;
				GCC_WARN_UNUSED_VARIABLE = YES;
				IPHONEOS_DEPLOYMENT_TARGET = 16.2;
				MTL_ENABLE_DEBUG_INFO = NO;
				MTL_FAST_MATH = YES;
				SDKROOT = iphoneos;
				SWIFT_COMPILATION_MODE = wholemodule;
				SWIFT_OPTIMIZATION_LEVEL = "-O";
				VALIDATE_PRODUCT = YES;
			};
			name = Release;
		};
		7EAB3EF02A0162D700BB2E0B /* Debug */ = {
			isa = XCBuildConfiguration;
			baseConfigurationReference = A67795D906E603AEA50EC2C0 /* Pods-wav.debug.xcconfig */;
			buildSettings = {
				ASSETCATALOG_COMPILER_APPICON_NAME = AppIcon;
				ASSETCATALOG_COMPILER_GLOBAL_ACCENT_COLOR_NAME = AccentColor;
				CODE_SIGN_ENTITLEMENTS = wav/wav.entitlements;
				CODE_SIGN_STYLE = Automatic;
				CURRENT_PROJECT_VERSION = 1;
				DEVELOPMENT_TEAM = L36Z6K6Q9J;
				GENERATE_INFOPLIST_FILE = YES;
				INFOPLIST_FILE = wav/Info.plist;
				INFOPLIST_KEY_CFBundleDisplayName = Wav;
				INFOPLIST_KEY_LSApplicationCategoryType = "public.app-category.music";
				INFOPLIST_KEY_NSAppleMusicUsageDescription = "Music Albums uses Apple Music to help you rediscover your music.";
				INFOPLIST_KEY_UIApplicationSupportsIndirectInputEvents = YES;
				INFOPLIST_KEY_UILaunchStoryboardName = LaunchScreen;
				INFOPLIST_KEY_UIMainStoryboardFile = Main;
				INFOPLIST_KEY_UIRequiresFullScreen = YES;
				INFOPLIST_KEY_UISupportedInterfaceOrientations = UIInterfaceOrientationPortrait;
				IPHONEOS_DEPLOYMENT_TARGET = 16.0;
				LD_RUNPATH_SEARCH_PATHS = (
					"$(inherited)",
					"@executable_path/Frameworks",
				);
				MARKETING_VERSION = 1.0;
				PRODUCT_BUNDLE_IDENTIFIER = ilyesdjari.wav;
				PRODUCT_NAME = "$(TARGET_NAME)";
				SWIFT_EMIT_LOC_STRINGS = YES;
				SWIFT_VERSION = 5.0;
				TARGETED_DEVICE_FAMILY = "1,2";
			};
			name = Debug;
		};
		7EAB3EF12A0162D700BB2E0B /* Release */ = {
			isa = XCBuildConfiguration;
			baseConfigurationReference = AD6C4A0622EBBF81252B1729 /* Pods-wav.release.xcconfig */;
			buildSettings = {
				ASSETCATALOG_COMPILER_APPICON_NAME = AppIcon;
				ASSETCATALOG_COMPILER_GLOBAL_ACCENT_COLOR_NAME = AccentColor;
				CODE_SIGN_ENTITLEMENTS = wav/wav.entitlements;
				CODE_SIGN_STYLE = Automatic;
				CURRENT_PROJECT_VERSION = 1;
				DEVELOPMENT_TEAM = L36Z6K6Q9J;
				GENERATE_INFOPLIST_FILE = YES;
				INFOPLIST_FILE = wav/Info.plist;
				INFOPLIST_KEY_CFBundleDisplayName = Wav;
				INFOPLIST_KEY_LSApplicationCategoryType = "public.app-category.music";
				INFOPLIST_KEY_NSAppleMusicUsageDescription = "Music Albums uses Apple Music to help you rediscover your music.";
				INFOPLIST_KEY_UIApplicationSupportsIndirectInputEvents = YES;
				INFOPLIST_KEY_UILaunchStoryboardName = LaunchScreen;
				INFOPLIST_KEY_UIMainStoryboardFile = Main;
				INFOPLIST_KEY_UIRequiresFullScreen = YES;
				INFOPLIST_KEY_UISupportedInterfaceOrientations = UIInterfaceOrientationPortrait;
				IPHONEOS_DEPLOYMENT_TARGET = 16.0;
				LD_RUNPATH_SEARCH_PATHS = (
					"$(inherited)",
					"@executable_path/Frameworks",
				);
				MARKETING_VERSION = 1.0;
				PRODUCT_BUNDLE_IDENTIFIER = ilyesdjari.wav;
				PRODUCT_NAME = "$(TARGET_NAME)";
				SWIFT_EMIT_LOC_STRINGS = YES;
				SWIFT_VERSION = 5.0;
				TARGETED_DEVICE_FAMILY = "1,2";
			};
			name = Release;
		};
/* End XCBuildConfiguration section */

/* Begin XCConfigurationList section */
		7EAB3ED32A0162D500BB2E0B /* Build configuration list for PBXProject "wav" */ = {
			isa = XCConfigurationList;
			buildConfigurations = (
				7EAB3EED2A0162D700BB2E0B /* Debug */,
				7EAB3EEE2A0162D700BB2E0B /* Release */,
			);
			defaultConfigurationIsVisible = 0;
			defaultConfigurationName = Release;
		};
		7EAB3EEF2A0162D700BB2E0B /* Build configuration list for PBXNativeTarget "wav" */ = {
			isa = XCConfigurationList;
			buildConfigurations = (
				7EAB3EF02A0162D700BB2E0B /* Debug */,
				7EAB3EF12A0162D700BB2E0B /* Release */,
			);
			defaultConfigurationIsVisible = 0;
			defaultConfigurationName = Release;
		};
/* End XCConfigurationList section */

/* Begin XCRemoteSwiftPackageReference section */
		7E5132FD2A13C5CC00E68533 /* XCRemoteSwiftPackageReference "firebase-ios-sdk" */ = {
			isa = XCRemoteSwiftPackageReference;
			repositoryURL = "https://github.com/firebase/firebase-ios-sdk.git";
			requirement = {
				kind = upToNextMajorVersion;
				minimumVersion = 10.0.0;
			};
		};
		7E5133042A13C5EB00E68533 /* XCRemoteSwiftPackageReference "NotificationBanner" */ = {
			isa = XCRemoteSwiftPackageReference;
			repositoryURL = "https://github.com/Daltron/NotificationBanner.git";
			requirement = {
				kind = upToNextMajorVersion;
				minimumVersion = 3.0.0;
			};
		};
		7E5133072A13C60800E68533 /* XCRemoteSwiftPackageReference "UIImageColors" */ = {
			isa = XCRemoteSwiftPackageReference;
			repositoryURL = "https://github.com/jathu/UIImageColors.git";
			requirement = {
				kind = upToNextMajorVersion;
				minimumVersion = 2.0.0;
			};
		};
		7E51330A2A13C61700E68533 /* XCRemoteSwiftPackageReference "MarqueeLabel" */ = {
			isa = XCRemoteSwiftPackageReference;
			repositoryURL = "https://github.com/cbpowell/MarqueeLabel";
			requirement = {
				kind = upToNextMajorVersion;
				minimumVersion = 4.0.0;
			};
		};
		7E51330D2A13C63000E68533 /* XCRemoteSwiftPackageReference "Kingfisher" */ = {
			isa = XCRemoteSwiftPackageReference;
			repositoryURL = "https://github.com/onevcat/Kingfisher";
			requirement = {
				kind = upToNextMajorVersion;
				minimumVersion = 7.0.0;
			};
		};
		7E5133102A13C69400E68533 /* XCRemoteSwiftPackageReference "MusadoraKit" */ = {
			isa = XCRemoteSwiftPackageReference;
			repositoryURL = "https://github.com/rryam/MusadoraKit";
			requirement = {
				branch = main;
				kind = branch;
			};
		};
/* End XCRemoteSwiftPackageReference section */

/* Begin XCSwiftPackageProductDependency section */
		7E5132FE2A13C5CC00E68533 /* FirebaseDatabase */ = {
			isa = XCSwiftPackageProductDependency;
			package = 7E5132FD2A13C5CC00E68533 /* XCRemoteSwiftPackageReference "firebase-ios-sdk" */;
			productName = FirebaseDatabase;
		};
		7E5133002A13C5CC00E68533 /* FirebaseFirestore */ = {
			isa = XCSwiftPackageProductDependency;
			package = 7E5132FD2A13C5CC00E68533 /* XCRemoteSwiftPackageReference "firebase-ios-sdk" */;
			productName = FirebaseFirestore;
		};
		7E5133022A13C5CC00E68533 /* FirebaseStorage */ = {
			isa = XCSwiftPackageProductDependency;
			package = 7E5132FD2A13C5CC00E68533 /* XCRemoteSwiftPackageReference "firebase-ios-sdk" */;
			productName = FirebaseStorage;
		};
		7E5133052A13C5EB00E68533 /* NotificationBannerSwift */ = {
			isa = XCSwiftPackageProductDependency;
			package = 7E5133042A13C5EB00E68533 /* XCRemoteSwiftPackageReference "NotificationBanner" */;
			productName = NotificationBannerSwift;
		};
		7E5133082A13C60800E68533 /* UIImageColors */ = {
			isa = XCSwiftPackageProductDependency;
			package = 7E5133072A13C60800E68533 /* XCRemoteSwiftPackageReference "UIImageColors" */;
			productName = UIImageColors;
		};
		7E51330B2A13C61700E68533 /* MarqueeLabel */ = {
			isa = XCSwiftPackageProductDependency;
			package = 7E51330A2A13C61700E68533 /* XCRemoteSwiftPackageReference "MarqueeLabel" */;
			productName = MarqueeLabel;
		};
		7E51330E2A13C63000E68533 /* Kingfisher */ = {
			isa = XCSwiftPackageProductDependency;
			package = 7E51330D2A13C63000E68533 /* XCRemoteSwiftPackageReference "Kingfisher" */;
			productName = Kingfisher;
		};
		7E5133112A13C69400E68533 /* MusadoraKit */ = {
			isa = XCSwiftPackageProductDependency;
			package = 7E5133102A13C69400E68533 /* XCRemoteSwiftPackageReference "MusadoraKit" */;
			productName = MusadoraKit;
		};
/* End XCSwiftPackageProductDependency section */

/* Begin XCVersionGroup section */
		7EAB3EE42A0162D500BB2E0B /* wav.xcdatamodeld */ = {
			isa = XCVersionGroup;
			children = (
				7EAB3EE52A0162D500BB2E0B /* wav.xcdatamodel */,
			);
			currentVersion = 7EAB3EE52A0162D500BB2E0B /* wav.xcdatamodel */;
			path = wav.xcdatamodeld;
			sourceTree = "<group>";
			versionGroupType = wrapper.xcdatamodel;
		};
/* End XCVersionGroup section */
	};
	rootObject = 7EAB3ED02A0162D500BB2E0B /* Project object */;
}
