// !$*UTF8*$!
{
	archiveVersion = 1;
	classes = {
	};
	objectVersion = 56;
	objects = {

/* Begin PBXBuildFile section */
		7E418B592A02F446007B9863 /* HomeViewController+History.swift in Sources */ = {isa = PBXBuildFile; fileRef = 7E418B582A02F446007B9863 /* HomeViewController+History.swift */; };
		7E418B5B2A02F5F5007B9863 /* RecentItemCollectionViewCell.swift in Sources */ = {isa = PBXBuildFile; fileRef = 7E418B5A2A02F5F5007B9863 /* RecentItemCollectionViewCell.swift */; };
		7E418B5E2A02F793007B9863 /* Kingfisher in Frameworks */ = {isa = PBXBuildFile; productRef = 7E418B5D2A02F793007B9863 /* Kingfisher */; };
		7E418B612A02F986007B9863 /* MarqueeLabel in Frameworks */ = {isa = PBXBuildFile; productRef = 7E418B602A02F986007B9863 /* MarqueeLabel */; };
		7E418B632A03155C007B9863 /* shadowView.swift in Sources */ = {isa = PBXBuildFile; fileRef = 7E418B622A03155C007B9863 /* shadowView.swift */; };
		7E418B662A0320C0007B9863 /* HomePlayer.swift in Sources */ = {isa = PBXBuildFile; fileRef = 7E418B652A0320C0007B9863 /* HomePlayer.swift */; };
		7E418B692A03259F007B9863 /* UIImageColors in Frameworks */ = {isa = PBXBuildFile; productRef = 7E418B682A03259F007B9863 /* UIImageColors */; };
		7E418B6B2A03276C007B9863 /* UIColor+isDark.swift in Sources */ = {isa = PBXBuildFile; fileRef = 7E418B6A2A03276C007B9863 /* UIColor+isDark.swift */; };
		7E418B6D2A056FDB007B9863 /* showLoadingView.swift in Sources */ = {isa = PBXBuildFile; fileRef = 7E418B6C2A056FDB007B9863 /* showLoadingView.swift */; };
		7E5132DF2A12DE7200E68533 /* getNearbyUsers.swift in Sources */ = {isa = PBXBuildFile; fileRef = 7E5132DE2A12DE7200E68533 /* getNearbyUsers.swift */; };
		7E5132E52A12E8CD00E68533 /* GeoFire in Frameworks */ = {isa = PBXBuildFile; productRef = 7E5132E42A12E8CD00E68533 /* GeoFire */; };
		7E5132E72A12E8CD00E68533 /* GeoFireUtils in Frameworks */ = {isa = PBXBuildFile; productRef = 7E5132E62A12E8CD00E68533 /* GeoFireUtils */; };
		7E567B5F2A0C052200172755 /* addGradient.swift in Sources */ = {isa = PBXBuildFile; fileRef = 7E567B5E2A0C052200172755 /* addGradient.swift */; };
		7E6AD2A02A0C43BA0068027A /* ListViewController+tableView.swift in Sources */ = {isa = PBXBuildFile; fileRef = 7E6AD29F2A0C43BA0068027A /* ListViewController+tableView.swift */; };
		7E91E61E2A059C5A00ADB0EE /* HomeViewController+Stations.swift in Sources */ = {isa = PBXBuildFile; fileRef = 7E91E61D2A059C5A00ADB0EE /* HomeViewController+Stations.swift */; };
		7E91E6212A05A37200ADB0EE /* HomeViewController+CollectionView.swift in Sources */ = {isa = PBXBuildFile; fileRef = 7E91E6202A05A37200ADB0EE /* HomeViewController+CollectionView.swift */; };
		7E91E6252A05A48500ADB0EE /* ForYouCollectionViewCell.swift in Sources */ = {isa = PBXBuildFile; fileRef = 7E91E6242A05A48500ADB0EE /* ForYouCollectionViewCell.swift */; };
		7E91E6282A05AAA200ADB0EE /* Player.storyboard in Resources */ = {isa = PBXBuildFile; fileRef = 7E91E6272A05AAA200ADB0EE /* Player.storyboard */; };
		7E91E62A2A05AAB300ADB0EE /* PlayerViewController.swift in Sources */ = {isa = PBXBuildFile; fileRef = 7E91E6292A05AAB300ADB0EE /* PlayerViewController.swift */; };
		7E91E62C2A067F5100ADB0EE /* PlayerViewController+fetchPlayingSong.swift in Sources */ = {isa = PBXBuildFile; fileRef = 7E91E62B2A067F5100ADB0EE /* PlayerViewController+fetchPlayingSong.swift */; };
		7E91E62E2A0680D000ADB0EE /* HomePlayerViewController+FetchCurrentlyPlaying.swift in Sources */ = {isa = PBXBuildFile; fileRef = 7E91E62D2A0680D000ADB0EE /* HomePlayerViewController+FetchCurrentlyPlaying.swift */; };
		7E91E6302A0681B300ADB0EE /* MusicPlaybackControl.swift in Sources */ = {isa = PBXBuildFile; fileRef = 7E91E62F2A0681B300ADB0EE /* MusicPlaybackControl.swift */; };
		7EA183A02A01AC0500F658E4 /* MusadoraKit in Frameworks */ = {isa = PBXBuildFile; productRef = 7EA1839F2A01AC0500F658E4 /* MusadoraKit */; };
		7EA183A32A01B1B600F658E4 /* RecentItems.swift in Sources */ = {isa = PBXBuildFile; fileRef = 7EA183A22A01B1B600F658E4 /* RecentItems.swift */; };
		7EAB3EDC2A0162D500BB2E0B /* AppDelegate.swift in Sources */ = {isa = PBXBuildFile; fileRef = 7EAB3EDB2A0162D500BB2E0B /* AppDelegate.swift */; };
		7EAB3EDE2A0162D500BB2E0B /* SceneDelegate.swift in Sources */ = {isa = PBXBuildFile; fileRef = 7EAB3EDD2A0162D500BB2E0B /* SceneDelegate.swift */; };
		7EAB3EE02A0162D500BB2E0B /* ViewController.swift in Sources */ = {isa = PBXBuildFile; fileRef = 7EAB3EDF2A0162D500BB2E0B /* ViewController.swift */; };
		7EAB3EE32A0162D500BB2E0B /* Main.storyboard in Resources */ = {isa = PBXBuildFile; fileRef = 7EAB3EE12A0162D500BB2E0B /* Main.storyboard */; };
		7EAB3EE62A0162D500BB2E0B /* wav.xcdatamodeld in Sources */ = {isa = PBXBuildFile; fileRef = 7EAB3EE42A0162D500BB2E0B /* wav.xcdatamodeld */; };
		7EAB3EE82A0162D700BB2E0B /* Assets.xcassets in Resources */ = {isa = PBXBuildFile; fileRef = 7EAB3EE72A0162D700BB2E0B /* Assets.xcassets */; };
		7EAB3EEB2A0162D700BB2E0B /* LaunchScreen.storyboard in Resources */ = {isa = PBXBuildFile; fileRef = 7EAB3EE92A0162D700BB2E0B /* LaunchScreen.storyboard */; };
		7EAB3EF92A01636900BB2E0B /* Login.storyboard in Resources */ = {isa = PBXBuildFile; fileRef = 7EAB3EF82A01636900BB2E0B /* Login.storyboard */; };
		7EAB3EFB2A01637800BB2E0B /* LoginViewController.swift in Sources */ = {isa = PBXBuildFile; fileRef = 7EAB3EFA2A01637800BB2E0B /* LoginViewController.swift */; };
		7EAB3EFD2A0165F100BB2E0B /* HomeViewController.swift in Sources */ = {isa = PBXBuildFile; fileRef = 7EAB3EFC2A0165F100BB2E0B /* HomeViewController.swift */; };
		7EAB3EFF2A0165F800BB2E0B /* Home.storyboard in Resources */ = {isa = PBXBuildFile; fileRef = 7EAB3EFE2A0165F800BB2E0B /* Home.storyboard */; };
		7EBBEAFB2A057D1300A2970C /* updateBackgroundColor.swift in Sources */ = {isa = PBXBuildFile; fileRef = 7EBBEAFA2A057D1300A2970C /* updateBackgroundColor.swift */; };
		7EC240532A0C3BB500029BC7 /* TracksTableViewCell.swift in Sources */ = {isa = PBXBuildFile; fileRef = 7EC240522A0C3BB500029BC7 /* TracksTableViewCell.swift */; };
		7EC797B72A0C612A003DEB15 /* debounce.swift in Sources */ = {isa = PBXBuildFile; fileRef = 7EC797B62A0C612A003DEB15 /* debounce.swift */; };
		7EEA00302A0D58B500B7304F /* ListViewController+fetchPlaylist.swift in Sources */ = {isa = PBXBuildFile; fileRef = 7EEA002F2A0D58B500B7304F /* ListViewController+fetchPlaylist.swift */; };
		7EEA00332A0D6A1E00B7304F /* HomeViewController+Albums.swift in Sources */ = {isa = PBXBuildFile; fileRef = 7EEA00322A0D6A1E00B7304F /* HomeViewController+Albums.swift */; };
		7EEA00362A0D74FE00B7304F /* NearbyViewController+Map.swift in Sources */ = {isa = PBXBuildFile; fileRef = 7EEA00352A0D74FE00B7304F /* NearbyViewController+Map.swift */; };
		7EF558322A06A42000D1FE8F /* NSNotification.name+selectedSongIDChanged.swift in Sources */ = {isa = PBXBuildFile; fileRef = 7EF558312A06A42000D1FE8F /* NSNotification.name+selectedSongIDChanged.swift */; };
		7EF5583C2A06DE9F00D1FE8F /* PlayerViewController+Observers.swift in Sources */ = {isa = PBXBuildFile; fileRef = 7EF5583B2A06DE9F00D1FE8F /* PlayerViewController+Observers.swift */; };
		7EF5583E2A06F4EB00D1FE8F /* formatPlaybackTime.swift in Sources */ = {isa = PBXBuildFile; fileRef = 7EF5583D2A06F4EB00D1FE8F /* formatPlaybackTime.swift */; };
		7EF558402A06F89000D1FE8F /* updateTimelineGradient.swift in Sources */ = {isa = PBXBuildFile; fileRef = 7EF5583F2A06F89000D1FE8F /* updateTimelineGradient.swift */; };
		7EF5584A2A08610300D1FE8F /* animateImageTransition.swift in Sources */ = {isa = PBXBuildFile; fileRef = 7EF558492A08610300D1FE8F /* animateImageTransition.swift */; };
		7EF5584D2A087E3700D1FE8F /* ListViewController.swift in Sources */ = {isa = PBXBuildFile; fileRef = 7EF5584C2A087E3700D1FE8F /* ListViewController.swift */; };
		7EF5584F2A087E4000D1FE8F /* List.storyboard in Resources */ = {isa = PBXBuildFile; fileRef = 7EF5584E2A087E4000D1FE8F /* List.storyboard */; };
		7EF558522A087F1300D1FE8F /* Search.storyboard in Resources */ = {isa = PBXBuildFile; fileRef = 7EF558512A087F1300D1FE8F /* Search.storyboard */; };
		7EF558542A087F2100D1FE8F /* SearchViewController.swift in Sources */ = {isa = PBXBuildFile; fileRef = 7EF558532A087F2100D1FE8F /* SearchViewController.swift */; };
		7EF558572A0881CA00D1FE8F /* NearbyViewController.swift in Sources */ = {isa = PBXBuildFile; fileRef = 7EF558562A0881CA00D1FE8F /* NearbyViewController.swift */; };
		7EF558592A0881D200D1FE8F /* Nearby.storyboard in Resources */ = {isa = PBXBuildFile; fileRef = 7EF558582A0881D200D1FE8F /* Nearby.storyboard */; };
		7EF5585C2A0883B400D1FE8F /* LibraryViewController.swift in Sources */ = {isa = PBXBuildFile; fileRef = 7EF5585B2A0883B400D1FE8F /* LibraryViewController.swift */; };
		7EF5585E2A0883C200D1FE8F /* Library.storyboard in Resources */ = {isa = PBXBuildFile; fileRef = 7EF5585D2A0883C200D1FE8F /* Library.storyboard */; };
		7EF558602A092F5D00D1FE8F /* SearchViewController+TableView.swift in Sources */ = {isa = PBXBuildFile; fileRef = 7EF5585F2A092F5D00D1FE8F /* SearchViewController+TableView.swift */; };
		7EF558642A09337200D1FE8F /* SearchViewCell.swift in Sources */ = {isa = PBXBuildFile; fileRef = 7EF558632A09337200D1FE8F /* SearchViewCell.swift */; };
		7EF558662A098B9F00D1FE8F /* NameViewController.swift in Sources */ = {isa = PBXBuildFile; fileRef = 7EF558652A098B9F00D1FE8F /* NameViewController.swift */; };
		7EF558692A098BC200D1FE8F /* Name.storyboard in Resources */ = {isa = PBXBuildFile; fileRef = 7EF558682A098BC200D1FE8F /* Name.storyboard */; };
		7EF5586C2A098F8B00D1FE8F /* GoogleService-Info.plist in Resources */ = {isa = PBXBuildFile; fileRef = 7EF5586B2A098F8B00D1FE8F /* GoogleService-Info.plist */; };
		7EF5586F2A098FED00D1FE8F /* FirebaseDatabase in Frameworks */ = {isa = PBXBuildFile; productRef = 7EF5586E2A098FED00D1FE8F /* FirebaseDatabase */; };
		7EF558712A098FED00D1FE8F /* FirebaseFirestore in Frameworks */ = {isa = PBXBuildFile; productRef = 7EF558702A098FED00D1FE8F /* FirebaseFirestore */; };
		7EF558732A098FED00D1FE8F /* FirebaseStorage in Frameworks */ = {isa = PBXBuildFile; productRef = 7EF558722A098FED00D1FE8F /* FirebaseStorage */; };
		7EF558762A09A39500D1FE8F /* createUser.swift in Sources */ = {isa = PBXBuildFile; fileRef = 7EF558752A09A39500D1FE8F /* createUser.swift */; };
		7EF558792A09A5B300D1FE8F /* NotificationBannerSwift in Frameworks */ = {isa = PBXBuildFile; productRef = 7EF558782A09A5B300D1FE8F /* NotificationBannerSwift */; };
		7EF5587B2A0A911700D1FE8F /* loadingIndicator.swift in Sources */ = {isa = PBXBuildFile; fileRef = 7EF5587A2A0A911700D1FE8F /* loadingIndicator.swift */; };
		7EF5587E2A0A95CB00D1FE8F /* startLiveShareSession.swift in Sources */ = {isa = PBXBuildFile; fileRef = 7EF5587D2A0A95CB00D1FE8F /* startLiveShareSession.swift */; };
		7EF558802A0AA04C00D1FE8F /* UserDefaultManager.swift in Sources */ = {isa = PBXBuildFile; fileRef = 7EF5587F2A0AA04C00D1FE8F /* UserDefaultManager.swift */; };
		7EF558822A0AA57A00D1FE8F /* getUserIDFromCoreData.swift in Sources */ = {isa = PBXBuildFile; fileRef = 7EF558812A0AA57A00D1FE8F /* getUserIDFromCoreData.swift */; };
		7EF558842A0AA5BE00D1FE8F /* stopLiveShareSession.swift in Sources */ = {isa = PBXBuildFile; fileRef = 7EF558832A0AA5BE00D1FE8F /* stopLiveShareSession.swift */; };
		7EF558872A0AED7100D1FE8F /* LocationViewController.swift in Sources */ = {isa = PBXBuildFile; fileRef = 7EF558862A0AED7100D1FE8F /* LocationViewController.swift */; };
		7EF558892A0AED7B00D1FE8F /* Location.storyboard in Resources */ = {isa = PBXBuildFile; fileRef = 7EF558882A0AED7B00D1FE8F /* Location.storyboard */; };
		7EF5588B2A0B212500D1FE8F /* LibraryViewController+fetchLibrary.swift in Sources */ = {isa = PBXBuildFile; fileRef = 7EF5588A2A0B212500D1FE8F /* LibraryViewController+fetchLibrary.swift */; };
		7EF5588E2A0B240200D1FE8F /* LibraryCollectionViewCell.swift in Sources */ = {isa = PBXBuildFile; fileRef = 7EF5588D2A0B240200D1FE8F /* LibraryCollectionViewCell.swift */; };
		7EF558902A0B2D0A00D1FE8F /* RecommendedArtistCollectionViewCell.swift in Sources */ = {isa = PBXBuildFile; fileRef = 7EF5588F2A0B2D0A00D1FE8F /* RecommendedArtistCollectionViewCell.swift */; };
		7EF558922A0B2FF900D1FE8F /* HomeViewController+fetchRecommendedArtists.swift in Sources */ = {isa = PBXBuildFile; fileRef = 7EF558912A0B2FF900D1FE8F /* HomeViewController+fetchRecommendedArtists.swift */; };
/* End PBXBuildFile section */

/* Begin PBXFileReference section */
		7E418B582A02F446007B9863 /* HomeViewController+History.swift */ = {isa = PBXFileReference; lastKnownFileType = sourcecode.swift; path = "HomeViewController+History.swift"; sourceTree = "<group>"; };
		7E418B5A2A02F5F5007B9863 /* RecentItemCollectionViewCell.swift */ = {isa = PBXFileReference; lastKnownFileType = sourcecode.swift; path = RecentItemCollectionViewCell.swift; sourceTree = "<group>"; };
		7E418B622A03155C007B9863 /* shadowView.swift */ = {isa = PBXFileReference; lastKnownFileType = sourcecode.swift; path = shadowView.swift; sourceTree = "<group>"; };
		7E418B652A0320C0007B9863 /* HomePlayer.swift */ = {isa = PBXFileReference; lastKnownFileType = sourcecode.swift; path = HomePlayer.swift; sourceTree = "<group>"; };
		7E418B6A2A03276C007B9863 /* UIColor+isDark.swift */ = {isa = PBXFileReference; lastKnownFileType = sourcecode.swift; path = "UIColor+isDark.swift"; sourceTree = "<group>"; };
		7E418B6C2A056FDB007B9863 /* showLoadingView.swift */ = {isa = PBXFileReference; lastKnownFileType = sourcecode.swift; path = showLoadingView.swift; sourceTree = "<group>"; };
		7E5132DE2A12DE7200E68533 /* getNearbyUsers.swift */ = {isa = PBXFileReference; lastKnownFileType = sourcecode.swift; path = getNearbyUsers.swift; sourceTree = "<group>"; };
		7E567B5E2A0C052200172755 /* addGradient.swift */ = {isa = PBXFileReference; lastKnownFileType = sourcecode.swift; path = addGradient.swift; sourceTree = "<group>"; };
		7E6AD29F2A0C43BA0068027A /* ListViewController+tableView.swift */ = {isa = PBXFileReference; lastKnownFileType = sourcecode.swift; path = "ListViewController+tableView.swift"; sourceTree = "<group>"; };
		7E91E61D2A059C5A00ADB0EE /* HomeViewController+Stations.swift */ = {isa = PBXFileReference; lastKnownFileType = sourcecode.swift; path = "HomeViewController+Stations.swift"; sourceTree = "<group>"; };
		7E91E6202A05A37200ADB0EE /* HomeViewController+CollectionView.swift */ = {isa = PBXFileReference; lastKnownFileType = sourcecode.swift; path = "HomeViewController+CollectionView.swift"; sourceTree = "<group>"; };
		7E91E6242A05A48500ADB0EE /* ForYouCollectionViewCell.swift */ = {isa = PBXFileReference; lastKnownFileType = sourcecode.swift; path = ForYouCollectionViewCell.swift; sourceTree = "<group>"; };
		7E91E6272A05AAA200ADB0EE /* Player.storyboard */ = {isa = PBXFileReference; lastKnownFileType = file.storyboard; path = Player.storyboard; sourceTree = "<group>"; };
		7E91E6292A05AAB300ADB0EE /* PlayerViewController.swift */ = {isa = PBXFileReference; lastKnownFileType = sourcecode.swift; path = PlayerViewController.swift; sourceTree = "<group>"; };
		7E91E62B2A067F5100ADB0EE /* PlayerViewController+fetchPlayingSong.swift */ = {isa = PBXFileReference; lastKnownFileType = sourcecode.swift; path = "PlayerViewController+fetchPlayingSong.swift"; sourceTree = "<group>"; };
		7E91E62D2A0680D000ADB0EE /* HomePlayerViewController+FetchCurrentlyPlaying.swift */ = {isa = PBXFileReference; lastKnownFileType = sourcecode.swift; path = "HomePlayerViewController+FetchCurrentlyPlaying.swift"; sourceTree = "<group>"; };
		7E91E62F2A0681B300ADB0EE /* MusicPlaybackControl.swift */ = {isa = PBXFileReference; lastKnownFileType = sourcecode.swift; path = MusicPlaybackControl.swift; sourceTree = "<group>"; };
		7EA183A22A01B1B600F658E4 /* RecentItems.swift */ = {isa = PBXFileReference; lastKnownFileType = sourcecode.swift; path = RecentItems.swift; sourceTree = "<group>"; };
		7EAB3ED82A0162D500BB2E0B /* wav.app */ = {isa = PBXFileReference; explicitFileType = wrapper.application; includeInIndex = 0; path = wav.app; sourceTree = BUILT_PRODUCTS_DIR; };
		7EAB3EDB2A0162D500BB2E0B /* AppDelegate.swift */ = {isa = PBXFileReference; lastKnownFileType = sourcecode.swift; path = AppDelegate.swift; sourceTree = "<group>"; };
		7EAB3EDD2A0162D500BB2E0B /* SceneDelegate.swift */ = {isa = PBXFileReference; lastKnownFileType = sourcecode.swift; path = SceneDelegate.swift; sourceTree = "<group>"; };
		7EAB3EDF2A0162D500BB2E0B /* ViewController.swift */ = {isa = PBXFileReference; lastKnownFileType = sourcecode.swift; path = ViewController.swift; sourceTree = "<group>"; };
		7EAB3EE22A0162D500BB2E0B /* Base */ = {isa = PBXFileReference; lastKnownFileType = file.storyboard; name = Base; path = Base.lproj/Main.storyboard; sourceTree = "<group>"; };
		7EAB3EE52A0162D500BB2E0B /* wav.xcdatamodel */ = {isa = PBXFileReference; lastKnownFileType = wrapper.xcdatamodel; path = wav.xcdatamodel; sourceTree = "<group>"; };
		7EAB3EE72A0162D700BB2E0B /* Assets.xcassets */ = {isa = PBXFileReference; lastKnownFileType = folder.assetcatalog; path = Assets.xcassets; sourceTree = "<group>"; };
		7EAB3EEA2A0162D700BB2E0B /* Base */ = {isa = PBXFileReference; lastKnownFileType = file.storyboard; name = Base; path = Base.lproj/LaunchScreen.storyboard; sourceTree = "<group>"; };
		7EAB3EEC2A0162D700BB2E0B /* Info.plist */ = {isa = PBXFileReference; lastKnownFileType = text.plist.xml; path = Info.plist; sourceTree = "<group>"; };
		7EAB3EF82A01636900BB2E0B /* Login.storyboard */ = {isa = PBXFileReference; lastKnownFileType = file.storyboard; path = Login.storyboard; sourceTree = "<group>"; };
		7EAB3EFA2A01637800BB2E0B /* LoginViewController.swift */ = {isa = PBXFileReference; lastKnownFileType = sourcecode.swift; path = LoginViewController.swift; sourceTree = "<group>"; };
		7EAB3EFC2A0165F100BB2E0B /* HomeViewController.swift */ = {isa = PBXFileReference; lastKnownFileType = sourcecode.swift; path = HomeViewController.swift; sourceTree = "<group>"; };
		7EAB3EFE2A0165F800BB2E0B /* Home.storyboard */ = {isa = PBXFileReference; lastKnownFileType = file.storyboard; path = Home.storyboard; sourceTree = "<group>"; };
		7EBBEAFA2A057D1300A2970C /* updateBackgroundColor.swift */ = {isa = PBXFileReference; lastKnownFileType = sourcecode.swift; path = updateBackgroundColor.swift; sourceTree = "<group>"; };
		7EC240522A0C3BB500029BC7 /* TracksTableViewCell.swift */ = {isa = PBXFileReference; lastKnownFileType = sourcecode.swift; path = TracksTableViewCell.swift; sourceTree = "<group>"; };
		7EC797B62A0C612A003DEB15 /* debounce.swift */ = {isa = PBXFileReference; lastKnownFileType = sourcecode.swift; path = debounce.swift; sourceTree = "<group>"; };
		7EEA002F2A0D58B500B7304F /* ListViewController+fetchPlaylist.swift */ = {isa = PBXFileReference; fileEncoding = 4; lastKnownFileType = sourcecode.swift; path = "ListViewController+fetchPlaylist.swift"; sourceTree = "<group>"; };
		7EEA00322A0D6A1E00B7304F /* HomeViewController+Albums.swift */ = {isa = PBXFileReference; lastKnownFileType = sourcecode.swift; path = "HomeViewController+Albums.swift"; sourceTree = "<group>"; };
		7EEA00352A0D74FE00B7304F /* NearbyViewController+Map.swift */ = {isa = PBXFileReference; lastKnownFileType = sourcecode.swift; path = "NearbyViewController+Map.swift"; sourceTree = "<group>"; };
		7EF558312A06A42000D1FE8F /* NSNotification.name+selectedSongIDChanged.swift */ = {isa = PBXFileReference; lastKnownFileType = sourcecode.swift; path = "NSNotification.name+selectedSongIDChanged.swift"; sourceTree = "<group>"; };
		7EF5583B2A06DE9F00D1FE8F /* PlayerViewController+Observers.swift */ = {isa = PBXFileReference; lastKnownFileType = sourcecode.swift; path = "PlayerViewController+Observers.swift"; sourceTree = "<group>"; };
		7EF5583D2A06F4EB00D1FE8F /* formatPlaybackTime.swift */ = {isa = PBXFileReference; lastKnownFileType = sourcecode.swift; path = formatPlaybackTime.swift; sourceTree = "<group>"; };
		7EF5583F2A06F89000D1FE8F /* updateTimelineGradient.swift */ = {isa = PBXFileReference; lastKnownFileType = sourcecode.swift; path = updateTimelineGradient.swift; sourceTree = "<group>"; };
		7EF558492A08610300D1FE8F /* animateImageTransition.swift */ = {isa = PBXFileReference; lastKnownFileType = sourcecode.swift; path = animateImageTransition.swift; sourceTree = "<group>"; };
		7EF5584C2A087E3700D1FE8F /* ListViewController.swift */ = {isa = PBXFileReference; lastKnownFileType = sourcecode.swift; path = ListViewController.swift; sourceTree = "<group>"; };
		7EF5584E2A087E4000D1FE8F /* List.storyboard */ = {isa = PBXFileReference; lastKnownFileType = file.storyboard; path = List.storyboard; sourceTree = "<group>"; };
		7EF558512A087F1300D1FE8F /* Search.storyboard */ = {isa = PBXFileReference; lastKnownFileType = file.storyboard; path = Search.storyboard; sourceTree = "<group>"; };
		7EF558532A087F2100D1FE8F /* SearchViewController.swift */ = {isa = PBXFileReference; lastKnownFileType = sourcecode.swift; path = SearchViewController.swift; sourceTree = "<group>"; };
		7EF558562A0881CA00D1FE8F /* NearbyViewController.swift */ = {isa = PBXFileReference; lastKnownFileType = sourcecode.swift; path = NearbyViewController.swift; sourceTree = "<group>"; };
		7EF558582A0881D200D1FE8F /* Nearby.storyboard */ = {isa = PBXFileReference; lastKnownFileType = file.storyboard; path = Nearby.storyboard; sourceTree = "<group>"; };
		7EF5585B2A0883B400D1FE8F /* LibraryViewController.swift */ = {isa = PBXFileReference; lastKnownFileType = sourcecode.swift; path = LibraryViewController.swift; sourceTree = "<group>"; };
		7EF5585D2A0883C200D1FE8F /* Library.storyboard */ = {isa = PBXFileReference; lastKnownFileType = file.storyboard; path = Library.storyboard; sourceTree = "<group>"; };
		7EF5585F2A092F5D00D1FE8F /* SearchViewController+TableView.swift */ = {isa = PBXFileReference; lastKnownFileType = sourcecode.swift; path = "SearchViewController+TableView.swift"; sourceTree = "<group>"; };
		7EF558632A09337200D1FE8F /* SearchViewCell.swift */ = {isa = PBXFileReference; lastKnownFileType = sourcecode.swift; path = SearchViewCell.swift; sourceTree = "<group>"; };
		7EF558652A098B9F00D1FE8F /* NameViewController.swift */ = {isa = PBXFileReference; lastKnownFileType = sourcecode.swift; path = NameViewController.swift; sourceTree = "<group>"; };
		7EF558682A098BC200D1FE8F /* Name.storyboard */ = {isa = PBXFileReference; lastKnownFileType = file.storyboard; path = Name.storyboard; sourceTree = "<group>"; };
		7EF5586B2A098F8B00D1FE8F /* GoogleService-Info.plist */ = {isa = PBXFileReference; fileEncoding = 4; lastKnownFileType = text.plist.xml; path = "GoogleService-Info.plist"; sourceTree = "<group>"; };
		7EF558752A09A39500D1FE8F /* createUser.swift */ = {isa = PBXFileReference; lastKnownFileType = sourcecode.swift; path = createUser.swift; sourceTree = "<group>"; };
		7EF5587A2A0A911700D1FE8F /* loadingIndicator.swift */ = {isa = PBXFileReference; lastKnownFileType = sourcecode.swift; path = loadingIndicator.swift; sourceTree = "<group>"; };
		7EF5587D2A0A95CB00D1FE8F /* startLiveShareSession.swift */ = {isa = PBXFileReference; lastKnownFileType = sourcecode.swift; path = startLiveShareSession.swift; sourceTree = "<group>"; };
		7EF5587F2A0AA04C00D1FE8F /* UserDefaultManager.swift */ = {isa = PBXFileReference; lastKnownFileType = sourcecode.swift; path = UserDefaultManager.swift; sourceTree = "<group>"; };
		7EF558812A0AA57A00D1FE8F /* getUserIDFromCoreData.swift */ = {isa = PBXFileReference; lastKnownFileType = sourcecode.swift; path = getUserIDFromCoreData.swift; sourceTree = "<group>"; };
		7EF558832A0AA5BE00D1FE8F /* stopLiveShareSession.swift */ = {isa = PBXFileReference; lastKnownFileType = sourcecode.swift; path = stopLiveShareSession.swift; sourceTree = "<group>"; };
		7EF558862A0AED7100D1FE8F /* LocationViewController.swift */ = {isa = PBXFileReference; lastKnownFileType = sourcecode.swift; path = LocationViewController.swift; sourceTree = "<group>"; };
		7EF558882A0AED7B00D1FE8F /* Location.storyboard */ = {isa = PBXFileReference; lastKnownFileType = file.storyboard; path = Location.storyboard; sourceTree = "<group>"; };
		7EF5588A2A0B212500D1FE8F /* LibraryViewController+fetchLibrary.swift */ = {isa = PBXFileReference; lastKnownFileType = sourcecode.swift; path = "LibraryViewController+fetchLibrary.swift"; sourceTree = "<group>"; };
		7EF5588D2A0B240200D1FE8F /* LibraryCollectionViewCell.swift */ = {isa = PBXFileReference; lastKnownFileType = sourcecode.swift; path = LibraryCollectionViewCell.swift; sourceTree = "<group>"; };
		7EF5588F2A0B2D0A00D1FE8F /* RecommendedArtistCollectionViewCell.swift */ = {isa = PBXFileReference; lastKnownFileType = sourcecode.swift; path = RecommendedArtistCollectionViewCell.swift; sourceTree = "<group>"; };
		7EF558912A0B2FF900D1FE8F /* HomeViewController+fetchRecommendedArtists.swift */ = {isa = PBXFileReference; lastKnownFileType = sourcecode.swift; path = "HomeViewController+fetchRecommendedArtists.swift"; sourceTree = "<group>"; };
/* End PBXFileReference section */

/* Begin PBXFrameworksBuildPhase section */
		7EAB3ED52A0162D500BB2E0B /* Frameworks */ = {
			isa = PBXFrameworksBuildPhase;
			buildActionMask = 2147483647;
			files = (
				7EF5586F2A098FED00D1FE8F /* FirebaseDatabase in Frameworks */,
				7EF558792A09A5B300D1FE8F /* NotificationBannerSwift in Frameworks */,
				7E418B692A03259F007B9863 /* UIImageColors in Frameworks */,
				7E5132E52A12E8CD00E68533 /* GeoFire in Frameworks */,
				7E5132E72A12E8CD00E68533 /* GeoFireUtils in Frameworks */,
				7E418B5E2A02F793007B9863 /* Kingfisher in Frameworks */,
				7EA183A02A01AC0500F658E4 /* MusadoraKit in Frameworks */,
				7EF558732A098FED00D1FE8F /* FirebaseStorage in Frameworks */,
				7E418B612A02F986007B9863 /* MarqueeLabel in Frameworks */,
				7EF558712A098FED00D1FE8F /* FirebaseFirestore in Frameworks */,
			);
			runOnlyForDeploymentPostprocessing = 0;
		};
/* End PBXFrameworksBuildPhase section */

/* Begin PBXGroup section */
		7E418B572A02F42B007B9863 /* History */ = {
			isa = PBXGroup;
			children = (
				7E418B582A02F446007B9863 /* HomeViewController+History.swift */,
			);
			path = History;
			sourceTree = "<group>";
		};
		7E418B642A0320AE007B9863 /* HomePlayer */ = {
			isa = PBXGroup;
			children = (
				7E418B652A0320C0007B9863 /* HomePlayer.swift */,
				7E91E62D2A0680D000ADB0EE /* HomePlayerViewController+FetchCurrentlyPlaying.swift */,
			);
			path = HomePlayer;
			sourceTree = "<group>";
		};
		7E6AD29E2A0C43A80068027A /* TableView */ = {
			isa = PBXGroup;
			children = (
				7E6AD29F2A0C43BA0068027A /* ListViewController+tableView.swift */,
			);
			path = TableView;
			sourceTree = "<group>";
		};
		7E91E61C2A059C4400ADB0EE /* Stations */ = {
			isa = PBXGroup;
			children = (
				7E91E61D2A059C5A00ADB0EE /* HomeViewController+Stations.swift */,
			);
			path = Stations;
			sourceTree = "<group>";
		};
		7E91E61F2A05A35F00ADB0EE /* CollectionView */ = {
			isa = PBXGroup;
			children = (
				7E91E6202A05A37200ADB0EE /* HomeViewController+CollectionView.swift */,
			);
			path = CollectionView;
			sourceTree = "<group>";
		};
		7E91E6262A05AA9400ADB0EE /* Player */ = {
			isa = PBXGroup;
			children = (
				7E91E6272A05AAA200ADB0EE /* Player.storyboard */,
				7E91E6292A05AAB300ADB0EE /* PlayerViewController.swift */,
				7E91E62B2A067F5100ADB0EE /* PlayerViewController+fetchPlayingSong.swift */,
				7EF5583B2A06DE9F00D1FE8F /* PlayerViewController+Observers.swift */,
			);
			path = Player;
			sourceTree = "<group>";
		};
		7EA183A12A01B1A600F658E4 /* Models */ = {
			isa = PBXGroup;
			children = (
				7EA183A22A01B1B600F658E4 /* RecentItems.swift */,
				7E418B5A2A02F5F5007B9863 /* RecentItemCollectionViewCell.swift */,
				7E91E6242A05A48500ADB0EE /* ForYouCollectionViewCell.swift */,
				7EF5588F2A0B2D0A00D1FE8F /* RecommendedArtistCollectionViewCell.swift */,
			);
			path = Models;
			sourceTree = "<group>";
		};
		7EAB3ECF2A0162D500BB2E0B = {
			isa = PBXGroup;
			children = (
				7EAB3EDA2A0162D500BB2E0B /* wav */,
				7EAB3ED92A0162D500BB2E0B /* Products */,
			);
			sourceTree = "<group>";
		};
		7EAB3ED92A0162D500BB2E0B /* Products */ = {
			isa = PBXGroup;
			children = (
				7EAB3ED82A0162D500BB2E0B /* wav.app */,
			);
			name = Products;
			sourceTree = "<group>";
		};
		7EAB3EDA2A0162D500BB2E0B /* wav */ = {
			isa = PBXGroup;
			children = (
				7EF5586A2A098F7600D1FE8F /* Supporting Files */,
				7EAB3EF42A0162EA00BB2E0B /* UI */,
				7EAB3EF32A0162E500BB2E0B /* Helpers */,
				7EAB3EF22A0162E000BB2E0B /* Modules */,
				7EAB3EDB2A0162D500BB2E0B /* AppDelegate.swift */,
				7EAB3EDD2A0162D500BB2E0B /* SceneDelegate.swift */,
				7EAB3EEC2A0162D700BB2E0B /* Info.plist */,
				7EAB3EE42A0162D500BB2E0B /* wav.xcdatamodeld */,
			);
			path = wav;
			sourceTree = "<group>";
		};
		7EAB3EF22A0162E000BB2E0B /* Modules */ = {
			isa = PBXGroup;
			children = (
				7EAB3EF52A0162FB00BB2E0B /* Launchscreen */,
				7EAB3EF72A01635100BB2E0B /* Login */,
				7EF558672A098BA400D1FE8F /* Name */,
				7EF558852A0AED5700D1FE8F /* Location */,
				7EAB3EF62A01634B00BB2E0B /* Home */,
				7E91E6262A05AA9400ADB0EE /* Player */,
				7EF558502A087EF500D1FE8F /* Search */,
				7EF5585A2A08839E00D1FE8F /* Library */,
				7EF5584B2A087E1400D1FE8F /* ListSongView */,
				7EF558552A0881A600D1FE8F /* Nearby */,
			);
			path = Modules;
			sourceTree = "<group>";
		};
		7EAB3EF32A0162E500BB2E0B /* Helpers */ = {
			isa = PBXGroup;
			children = (
				7EF5587C2A0A95BB00D1FE8F /* LiveShare */,
				7EF558742A09A31600D1FE8F /* DatabaseUsers */,
				7E91E62F2A0681B300ADB0EE /* MusicPlaybackControl.swift */,
				7EF558312A06A42000D1FE8F /* NSNotification.name+selectedSongIDChanged.swift */,
				7EF5583D2A06F4EB00D1FE8F /* formatPlaybackTime.swift */,
				7EF5587F2A0AA04C00D1FE8F /* UserDefaultManager.swift */,
				7EF558812A0AA57A00D1FE8F /* getUserIDFromCoreData.swift */,
				7EC797B62A0C612A003DEB15 /* debounce.swift */,
			);
			path = Helpers;
			sourceTree = "<group>";
		};
		7EAB3EF42A0162EA00BB2E0B /* UI */ = {
			isa = PBXGroup;
			children = (
				7EAB3EE72A0162D700BB2E0B /* Assets.xcassets */,
				7E418B622A03155C007B9863 /* shadowView.swift */,
				7E418B6A2A03276C007B9863 /* UIColor+isDark.swift */,
				7E418B6C2A056FDB007B9863 /* showLoadingView.swift */,
				7EBBEAFA2A057D1300A2970C /* updateBackgroundColor.swift */,
				7EF5583F2A06F89000D1FE8F /* updateTimelineGradient.swift */,
				7EF558492A08610300D1FE8F /* animateImageTransition.swift */,
				7EF5587A2A0A911700D1FE8F /* loadingIndicator.swift */,
				7E567B5E2A0C052200172755 /* addGradient.swift */,
			);
			path = UI;
			sourceTree = "<group>";
		};
		7EAB3EF52A0162FB00BB2E0B /* Launchscreen */ = {
			isa = PBXGroup;
			children = (
				7EAB3EDF2A0162D500BB2E0B /* ViewController.swift */,
				7EAB3EE12A0162D500BB2E0B /* Main.storyboard */,
				7EAB3EE92A0162D700BB2E0B /* LaunchScreen.storyboard */,
			);
			path = Launchscreen;
			sourceTree = "<group>";
		};
		7EAB3EF62A01634B00BB2E0B /* Home */ = {
			isa = PBXGroup;
			children = (
				7EA183A12A01B1A600F658E4 /* Models */,
				7EAB3EFE2A0165F800BB2E0B /* Home.storyboard */,
				7EAB3EFC2A0165F100BB2E0B /* HomeViewController.swift */,
				7E418B642A0320AE007B9863 /* HomePlayer */,
				7E91E61F2A05A35F00ADB0EE /* CollectionView */,
				7E418B572A02F42B007B9863 /* History */,
				7EEA00312A0D6A0400B7304F /* Albums */,
				7E91E61C2A059C4400ADB0EE /* Stations */,
				7EF558932A0B323900D1FE8F /* Artists */,
			);
			path = Home;
			sourceTree = "<group>";
		};
		7EAB3EF72A01635100BB2E0B /* Login */ = {
			isa = PBXGroup;
			children = (
				7EAB3EF82A01636900BB2E0B /* Login.storyboard */,
				7EAB3EFA2A01637800BB2E0B /* LoginViewController.swift */,
			);
			path = Login;
			sourceTree = "<group>";
		};
		7EC2404F2A0C3B3900029BC7 /* Models */ = {
			isa = PBXGroup;
			children = (
				7EC240522A0C3BB500029BC7 /* TracksTableViewCell.swift */,
			);
			path = Models;
			sourceTree = "<group>";
		};
		7EEA002E2A0D58A100B7304F /* Playlist */ = {
			isa = PBXGroup;
			children = (
				7EEA002F2A0D58B500B7304F /* ListViewController+fetchPlaylist.swift */,
			);
			path = Playlist;
			sourceTree = "<group>";
		};
		7EEA00312A0D6A0400B7304F /* Albums */ = {
			isa = PBXGroup;
			children = (
				7EEA00322A0D6A1E00B7304F /* HomeViewController+Albums.swift */,
			);
			path = Albums;
			sourceTree = "<group>";
		};
		7EEA00342A0D74EF00B7304F /* Map */ = {
			isa = PBXGroup;
			children = (
				7EEA00352A0D74FE00B7304F /* NearbyViewController+Map.swift */,
			);
			path = Map;
			sourceTree = "<group>";
		};
		7EF5584B2A087E1400D1FE8F /* ListSongView */ = {
			isa = PBXGroup;
			children = (
				7EEA002E2A0D58A100B7304F /* Playlist */,
				7E6AD29E2A0C43A80068027A /* TableView */,
				7EC2404F2A0C3B3900029BC7 /* Models */,
				7EF5584C2A087E3700D1FE8F /* ListViewController.swift */,
				7EF5584E2A087E4000D1FE8F /* List.storyboard */,
			);
			path = ListSongView;
			sourceTree = "<group>";
		};
		7EF558502A087EF500D1FE8F /* Search */ = {
			isa = PBXGroup;
			children = (
				7EF558512A087F1300D1FE8F /* Search.storyboard */,
				7EF558532A087F2100D1FE8F /* SearchViewController.swift */,
				7EF5585F2A092F5D00D1FE8F /* SearchViewController+TableView.swift */,
				7EF558632A09337200D1FE8F /* SearchViewCell.swift */,
			);
			path = Search;
			sourceTree = "<group>";
		};
		7EF558552A0881A600D1FE8F /* Nearby */ = {
			isa = PBXGroup;
			children = (
				7EEA00342A0D74EF00B7304F /* Map */,
				7EF558562A0881CA00D1FE8F /* NearbyViewController.swift */,
				7EF558582A0881D200D1FE8F /* Nearby.storyboard */,
			);
			path = Nearby;
			sourceTree = "<group>";
		};
		7EF5585A2A08839E00D1FE8F /* Library */ = {
			isa = PBXGroup;
			children = (
				7EF5588C2A0B23EA00D1FE8F /* Models */,
				7EF5585B2A0883B400D1FE8F /* LibraryViewController.swift */,
				7EF5585D2A0883C200D1FE8F /* Library.storyboard */,
				7EF5588A2A0B212500D1FE8F /* LibraryViewController+fetchLibrary.swift */,
			);
			path = Library;
			sourceTree = "<group>";
		};
		7EF558672A098BA400D1FE8F /* Name */ = {
			isa = PBXGroup;
			children = (
				7EF558652A098B9F00D1FE8F /* NameViewController.swift */,
				7EF558682A098BC200D1FE8F /* Name.storyboard */,
			);
			path = Name;
			sourceTree = "<group>";
		};
		7EF5586A2A098F7600D1FE8F /* Supporting Files */ = {
			isa = PBXGroup;
			children = (
				7EF5586B2A098F8B00D1FE8F /* GoogleService-Info.plist */,
			);
			path = "Supporting Files";
			sourceTree = "<group>";
		};
		7EF558742A09A31600D1FE8F /* DatabaseUsers */ = {
			isa = PBXGroup;
			children = (
				7EF558752A09A39500D1FE8F /* createUser.swift */,
			);
			path = DatabaseUsers;
			sourceTree = "<group>";
		};
		7EF5587C2A0A95BB00D1FE8F /* LiveShare */ = {
			isa = PBXGroup;
			children = (
				7EF5587D2A0A95CB00D1FE8F /* startLiveShareSession.swift */,
				7EF558832A0AA5BE00D1FE8F /* stopLiveShareSession.swift */,
				7E5132DE2A12DE7200E68533 /* getNearbyUsers.swift */,
			);
			path = LiveShare;
			sourceTree = "<group>";
		};
		7EF558852A0AED5700D1FE8F /* Location */ = {
			isa = PBXGroup;
			children = (
				7EF558862A0AED7100D1FE8F /* LocationViewController.swift */,
				7EF558882A0AED7B00D1FE8F /* Location.storyboard */,
			);
			path = Location;
			sourceTree = "<group>";
		};
		7EF5588C2A0B23EA00D1FE8F /* Models */ = {
			isa = PBXGroup;
			children = (
				7EF5588D2A0B240200D1FE8F /* LibraryCollectionViewCell.swift */,
			);
			path = Models;
			sourceTree = "<group>";
		};
		7EF558932A0B323900D1FE8F /* Artists */ = {
			isa = PBXGroup;
			children = (
				7EF558912A0B2FF900D1FE8F /* HomeViewController+fetchRecommendedArtists.swift */,
			);
			path = Artists;
			sourceTree = "<group>";
		};
/* End PBXGroup section */

/* Begin PBXNativeTarget section */
		7EAB3ED72A0162D500BB2E0B /* wav */ = {
			isa = PBXNativeTarget;
			buildConfigurationList = 7EAB3EEF2A0162D700BB2E0B /* Build configuration list for PBXNativeTarget "wav" */;
			buildPhases = (
				7EAB3ED42A0162D500BB2E0B /* Sources */,
				7EAB3ED52A0162D500BB2E0B /* Frameworks */,
				7EAB3ED62A0162D500BB2E0B /* Resources */,
			);
			buildRules = (
			);
			dependencies = (
			);
			name = wav;
			packageProductDependencies = (
				7EA1839F2A01AC0500F658E4 /* MusadoraKit */,
				7E418B5D2A02F793007B9863 /* Kingfisher */,
				7E418B602A02F986007B9863 /* MarqueeLabel */,
				7E418B682A03259F007B9863 /* UIImageColors */,
				7EF5586E2A098FED00D1FE8F /* FirebaseDatabase */,
				7EF558702A098FED00D1FE8F /* FirebaseFirestore */,
				7EF558722A098FED00D1FE8F /* FirebaseStorage */,
				7EF558782A09A5B300D1FE8F /* NotificationBannerSwift */,
				7E5132E42A12E8CD00E68533 /* GeoFire */,
				7E5132E62A12E8CD00E68533 /* GeoFireUtils */,
			);
			productName = wav;
			productReference = 7EAB3ED82A0162D500BB2E0B /* wav.app */;
			productType = "com.apple.product-type.application";
		};
/* End PBXNativeTarget section */

/* Begin PBXProject section */
		7EAB3ED02A0162D500BB2E0B /* Project object */ = {
			isa = PBXProject;
			attributes = {
				BuildIndependentTargetsInParallel = 1;
				LastSwiftUpdateCheck = 1420;
				LastUpgradeCheck = 1420;
				TargetAttributes = {
					7EAB3ED72A0162D500BB2E0B = {
						CreatedOnToolsVersion = 14.2;
					};
				};
			};
			buildConfigurationList = 7EAB3ED32A0162D500BB2E0B /* Build configuration list for PBXProject "wav" */;
			compatibilityVersion = "Xcode 14.0";
			developmentRegion = en;
			hasScannedForEncodings = 0;
			knownRegions = (
				en,
				Base,
			);
			mainGroup = 7EAB3ECF2A0162D500BB2E0B;
			packageReferences = (
				7EA1839E2A01AC0500F658E4 /* XCRemoteSwiftPackageReference "MusadoraKit" */,
				7E418B5C2A02F793007B9863 /* XCRemoteSwiftPackageReference "Kingfisher" */,
				7E418B5F2A02F986007B9863 /* XCRemoteSwiftPackageReference "MarqueeLabel" */,
				7E418B672A03259F007B9863 /* XCRemoteSwiftPackageReference "UIImageColors" */,
				7EF5586D2A098FED00D1FE8F /* XCRemoteSwiftPackageReference "firebase-ios-sdk" */,
				7EF558772A09A5B300D1FE8F /* XCRemoteSwiftPackageReference "NotificationBanner" */,
				7E5132E32A12E8CD00E68533 /* XCRemoteSwiftPackageReference "geofire-objc" */,
			);
			productRefGroup = 7EAB3ED92A0162D500BB2E0B /* Products */;
			projectDirPath = "";
			projectRoot = "";
			targets = (
				7EAB3ED72A0162D500BB2E0B /* wav */,
			);
		};
/* End PBXProject section */

/* Begin PBXResourcesBuildPhase section */
		7EAB3ED62A0162D500BB2E0B /* Resources */ = {
			isa = PBXResourcesBuildPhase;
			buildActionMask = 2147483647;
			files = (
				7EAB3EF92A01636900BB2E0B /* Login.storyboard in Resources */,
				7EF5584F2A087E4000D1FE8F /* List.storyboard in Resources */,
				7EF5585E2A0883C200D1FE8F /* Library.storyboard in Resources */,
				7EF5586C2A098F8B00D1FE8F /* GoogleService-Info.plist in Resources */,
				7EF558592A0881D200D1FE8F /* Nearby.storyboard in Resources */,
				7EAB3EFF2A0165F800BB2E0B /* Home.storyboard in Resources */,
				7EF558892A0AED7B00D1FE8F /* Location.storyboard in Resources */,
				7EAB3EEB2A0162D700BB2E0B /* LaunchScreen.storyboard in Resources */,
				7EAB3EE82A0162D700BB2E0B /* Assets.xcassets in Resources */,
				7EAB3EE32A0162D500BB2E0B /* Main.storyboard in Resources */,
				7EF558522A087F1300D1FE8F /* Search.storyboard in Resources */,
				7E91E6282A05AAA200ADB0EE /* Player.storyboard in Resources */,
				7EF558692A098BC200D1FE8F /* Name.storyboard in Resources */,
			);
			runOnlyForDeploymentPostprocessing = 0;
		};
/* End PBXResourcesBuildPhase section */

/* Begin PBXSourcesBuildPhase section */
		7EAB3ED42A0162D500BB2E0B /* Sources */ = {
			isa = PBXSourcesBuildPhase;
			buildActionMask = 2147483647;
			files = (
				7EF5588B2A0B212500D1FE8F /* LibraryViewController+fetchLibrary.swift in Sources */,
				7E91E61E2A059C5A00ADB0EE /* HomeViewController+Stations.swift in Sources */,
				7EF558602A092F5D00D1FE8F /* SearchViewController+TableView.swift in Sources */,
				7EF558762A09A39500D1FE8F /* createUser.swift in Sources */,
				7EF5583C2A06DE9F00D1FE8F /* PlayerViewController+Observers.swift in Sources */,
				7EF5583E2A06F4EB00D1FE8F /* formatPlaybackTime.swift in Sources */,
				7EF558802A0AA04C00D1FE8F /* UserDefaultManager.swift in Sources */,
				7E418B592A02F446007B9863 /* HomeViewController+History.swift in Sources */,
				7E418B6B2A03276C007B9863 /* UIColor+isDark.swift in Sources */,
				7EF5584D2A087E3700D1FE8F /* ListViewController.swift in Sources */,
				7E418B662A0320C0007B9863 /* HomePlayer.swift in Sources */,
				7EF558902A0B2D0A00D1FE8F /* RecommendedArtistCollectionViewCell.swift in Sources */,
				7EAB3EE02A0162D500BB2E0B /* ViewController.swift in Sources */,
				7E91E62C2A067F5100ADB0EE /* PlayerViewController+fetchPlayingSong.swift in Sources */,
				7E6AD2A02A0C43BA0068027A /* ListViewController+tableView.swift in Sources */,
				7EF5585C2A0883B400D1FE8F /* LibraryViewController.swift in Sources */,
				7E91E62A2A05AAB300ADB0EE /* PlayerViewController.swift in Sources */,
				7E91E6302A0681B300ADB0EE /* MusicPlaybackControl.swift in Sources */,
				7EF558872A0AED7100D1FE8F /* LocationViewController.swift in Sources */,
				7E91E6252A05A48500ADB0EE /* ForYouCollectionViewCell.swift in Sources */,
				7EF558842A0AA5BE00D1FE8F /* stopLiveShareSession.swift in Sources */,
				7E418B6D2A056FDB007B9863 /* showLoadingView.swift in Sources */,
				7E567B5F2A0C052200172755 /* addGradient.swift in Sources */,
				7E91E62E2A0680D000ADB0EE /* HomePlayerViewController+FetchCurrentlyPlaying.swift in Sources */,
				7EF558402A06F89000D1FE8F /* updateTimelineGradient.swift in Sources */,
				7EF5588E2A0B240200D1FE8F /* LibraryCollectionViewCell.swift in Sources */,
				7EAB3EDC2A0162D500BB2E0B /* AppDelegate.swift in Sources */,
				7EEA00332A0D6A1E00B7304F /* HomeViewController+Albums.swift in Sources */,
				7EF558572A0881CA00D1FE8F /* NearbyViewController.swift in Sources */,
				7EA183A32A01B1B600F658E4 /* RecentItems.swift in Sources */,
				7EF558322A06A42000D1FE8F /* NSNotification.name+selectedSongIDChanged.swift in Sources */,
				7EAB3EE62A0162D500BB2E0B /* wav.xcdatamodeld in Sources */,
				7EF5587B2A0A911700D1FE8F /* loadingIndicator.swift in Sources */,
				7EBBEAFB2A057D1300A2970C /* updateBackgroundColor.swift in Sources */,
				7EAB3EFB2A01637800BB2E0B /* LoginViewController.swift in Sources */,
				7EF558662A098B9F00D1FE8F /* NameViewController.swift in Sources */,
				7EF558922A0B2FF900D1FE8F /* HomeViewController+fetchRecommendedArtists.swift in Sources */,
				7E418B5B2A02F5F5007B9863 /* RecentItemCollectionViewCell.swift in Sources */,
				7E5132DF2A12DE7200E68533 /* getNearbyUsers.swift in Sources */,
				7E91E6212A05A37200ADB0EE /* HomeViewController+CollectionView.swift in Sources */,
				7EF558642A09337200D1FE8F /* SearchViewCell.swift in Sources */,
				7EEA00362A0D74FE00B7304F /* NearbyViewController+Map.swift in Sources */,
				7EF558822A0AA57A00D1FE8F /* getUserIDFromCoreData.swift in Sources */,
				7EF5584A2A08610300D1FE8F /* animateImageTransition.swift in Sources */,
				7EC240532A0C3BB500029BC7 /* TracksTableViewCell.swift in Sources */,
				7E418B632A03155C007B9863 /* shadowView.swift in Sources */,
				7EC797B72A0C612A003DEB15 /* debounce.swift in Sources */,
				7EAB3EDE2A0162D500BB2E0B /* SceneDelegate.swift in Sources */,
				7EEA00302A0D58B500B7304F /* ListViewController+fetchPlaylist.swift in Sources */,
				7EAB3EFD2A0165F100BB2E0B /* HomeViewController.swift in Sources */,
				7EF5587E2A0A95CB00D1FE8F /* startLiveShareSession.swift in Sources */,
				7EF558542A087F2100D1FE8F /* SearchViewController.swift in Sources */,
			);
			runOnlyForDeploymentPostprocessing = 0;
		};
/* End PBXSourcesBuildPhase section */

/* Begin PBXVariantGroup section */
		7EAB3EE12A0162D500BB2E0B /* Main.storyboard */ = {
			isa = PBXVariantGroup;
			children = (
				7EAB3EE22A0162D500BB2E0B /* Base */,
			);
			name = Main.storyboard;
			sourceTree = "<group>";
		};
		7EAB3EE92A0162D700BB2E0B /* LaunchScreen.storyboard */ = {
			isa = PBXVariantGroup;
			children = (
				7EAB3EEA2A0162D700BB2E0B /* Base */,
			);
			name = LaunchScreen.storyboard;
			sourceTree = "<group>";
		};
/* End PBXVariantGroup section */

/* Begin XCBuildConfiguration section */
		7EAB3EED2A0162D700BB2E0B /* Debug */ = {
			isa = XCBuildConfiguration;
			buildSettings = {
				ALWAYS_SEARCH_USER_PATHS = NO;
				CLANG_ANALYZER_NONNULL = YES;
				CLANG_ANALYZER_NUMBER_OBJECT_CONVERSION = YES_AGGRESSIVE;
				CLANG_CXX_LANGUAGE_STANDARD = "gnu++20";
				CLANG_ENABLE_MODULES = YES;
				CLANG_ENABLE_OBJC_ARC = YES;
				CLANG_ENABLE_OBJC_WEAK = YES;
				CLANG_WARN_BLOCK_CAPTURE_AUTORELEASING = YES;
				CLANG_WARN_BOOL_CONVERSION = YES;
				CLANG_WARN_COMMA = YES;
				CLANG_WARN_CONSTANT_CONVERSION = YES;
				CLANG_WARN_DEPRECATED_OBJC_IMPLEMENTATIONS = YES;
				CLANG_WARN_DIRECT_OBJC_ISA_USAGE = YES_ERROR;
				CLANG_WARN_DOCUMENTATION_COMMENTS = YES;
				CLANG_WARN_EMPTY_BODY = YES;
				CLANG_WARN_ENUM_CONVERSION = YES;
				CLANG_WARN_INFINITE_RECURSION = YES;
				CLANG_WARN_INT_CONVERSION = YES;
				CLANG_WARN_NON_LITERAL_NULL_CONVERSION = YES;
				CLANG_WARN_OBJC_IMPLICIT_RETAIN_SELF = YES;
				CLANG_WARN_OBJC_LITERAL_CONVERSION = YES;
				CLANG_WARN_OBJC_ROOT_CLASS = YES_ERROR;
				CLANG_WARN_QUOTED_INCLUDE_IN_FRAMEWORK_HEADER = YES;
				CLANG_WARN_RANGE_LOOP_ANALYSIS = YES;
				CLANG_WARN_STRICT_PROTOTYPES = YES;
				CLANG_WARN_SUSPICIOUS_MOVE = YES;
				CLANG_WARN_UNGUARDED_AVAILABILITY = YES_AGGRESSIVE;
				CLANG_WARN_UNREACHABLE_CODE = YES;
				CLANG_WARN__DUPLICATE_METHOD_MATCH = YES;
				COPY_PHASE_STRIP = NO;
				DEBUG_INFORMATION_FORMAT = dwarf;
				ENABLE_STRICT_OBJC_MSGSEND = YES;
				ENABLE_TESTABILITY = YES;
				GCC_C_LANGUAGE_STANDARD = gnu11;
				GCC_DYNAMIC_NO_PIC = NO;
				GCC_NO_COMMON_BLOCKS = YES;
				GCC_OPTIMIZATION_LEVEL = 0;
				GCC_PREPROCESSOR_DEFINITIONS = (
					"DEBUG=1",
					"$(inherited)",
				);
				GCC_WARN_64_TO_32_BIT_CONVERSION = YES;
				GCC_WARN_ABOUT_RETURN_TYPE = YES_ERROR;
				GCC_WARN_UNDECLARED_SELECTOR = YES;
				GCC_WARN_UNINITIALIZED_AUTOS = YES_AGGRESSIVE;
				GCC_WARN_UNUSED_FUNCTION = YES;
				GCC_WARN_UNUSED_VARIABLE = YES;
				IPHONEOS_DEPLOYMENT_TARGET = 16.2;
				MTL_ENABLE_DEBUG_INFO = INCLUDE_SOURCE;
				MTL_FAST_MATH = YES;
				ONLY_ACTIVE_ARCH = YES;
				SDKROOT = iphoneos;
				SWIFT_ACTIVE_COMPILATION_CONDITIONS = DEBUG;
				SWIFT_OPTIMIZATION_LEVEL = "-Onone";
			};
			name = Debug;
		};
		7EAB3EEE2A0162D700BB2E0B /* Release */ = {
			isa = XCBuildConfiguration;
			buildSettings = {
				ALWAYS_SEARCH_USER_PATHS = NO;
				CLANG_ANALYZER_NONNULL = YES;
				CLANG_ANALYZER_NUMBER_OBJECT_CONVERSION = YES_AGGRESSIVE;
				CLANG_CXX_LANGUAGE_STANDARD = "gnu++20";
				CLANG_ENABLE_MODULES = YES;
				CLANG_ENABLE_OBJC_ARC = YES;
				CLANG_ENABLE_OBJC_WEAK = YES;
				CLANG_WARN_BLOCK_CAPTURE_AUTORELEASING = YES;
				CLANG_WARN_BOOL_CONVERSION = YES;
				CLANG_WARN_COMMA = YES;
				CLANG_WARN_CONSTANT_CONVERSION = YES;
				CLANG_WARN_DEPRECATED_OBJC_IMPLEMENTATIONS = YES;
				CLANG_WARN_DIRECT_OBJC_ISA_USAGE = YES_ERROR;
				CLANG_WARN_DOCUMENTATION_COMMENTS = YES;
				CLANG_WARN_EMPTY_BODY = YES;
				CLANG_WARN_ENUM_CONVERSION = YES;
				CLANG_WARN_INFINITE_RECURSION = YES;
				CLANG_WARN_INT_CONVERSION = YES;
				CLANG_WARN_NON_LITERAL_NULL_CONVERSION = YES;
				CLANG_WARN_OBJC_IMPLICIT_RETAIN_SELF = YES;
				CLANG_WARN_OBJC_LITERAL_CONVERSION = YES;
				CLANG_WARN_OBJC_ROOT_CLASS = YES_ERROR;
				CLANG_WARN_QUOTED_INCLUDE_IN_FRAMEWORK_HEADER = YES;
				CLANG_WARN_RANGE_LOOP_ANALYSIS = YES;
				CLANG_WARN_STRICT_PROTOTYPES = YES;
				CLANG_WARN_SUSPICIOUS_MOVE = YES;
				CLANG_WARN_UNGUARDED_AVAILABILITY = YES_AGGRESSIVE;
				CLANG_WARN_UNREACHABLE_CODE = YES;
				CLANG_WARN__DUPLICATE_METHOD_MATCH = YES;
				COPY_PHASE_STRIP = NO;
				DEBUG_INFORMATION_FORMAT = "dwarf-with-dsym";
				ENABLE_NS_ASSERTIONS = NO;
				ENABLE_STRICT_OBJC_MSGSEND = YES;
				GCC_C_LANGUAGE_STANDARD = gnu11;
				GCC_NO_COMMON_BLOCKS = YES;
				GCC_WARN_64_TO_32_BIT_CONVERSION = YES;
				GCC_WARN_ABOUT_RETURN_TYPE = YES_ERROR;
				GCC_WARN_UNDECLARED_SELECTOR = YES;
				GCC_WARN_UNINITIALIZED_AUTOS = YES_AGGRESSIVE;
				GCC_WARN_UNUSED_FUNCTION = YES;
				GCC_WARN_UNUSED_VARIABLE = YES;
				IPHONEOS_DEPLOYMENT_TARGET = 16.2;
				MTL_ENABLE_DEBUG_INFO = NO;
				MTL_FAST_MATH = YES;
				SDKROOT = iphoneos;
				SWIFT_COMPILATION_MODE = wholemodule;
				SWIFT_OPTIMIZATION_LEVEL = "-O";
				VALIDATE_PRODUCT = YES;
			};
			name = Release;
		};
		7EAB3EF02A0162D700BB2E0B /* Debug */ = {
			isa = XCBuildConfiguration;
			buildSettings = {
				ASSETCATALOG_COMPILER_APPICON_NAME = AppIcon;
				ASSETCATALOG_COMPILER_GLOBAL_ACCENT_COLOR_NAME = AccentColor;
				CODE_SIGN_STYLE = Automatic;
				CURRENT_PROJECT_VERSION = 1;
				DEVELOPMENT_TEAM = L36Z6K6Q9J;
				GENERATE_INFOPLIST_FILE = YES;
				INFOPLIST_FILE = wav/Info.plist;
				INFOPLIST_KEY_CFBundleDisplayName = Wav;
				INFOPLIST_KEY_LSApplicationCategoryType = "public.app-category.music";
				INFOPLIST_KEY_NSAppleMusicUsageDescription = "Music Albums uses Apple Music to help you rediscover your music.";
				INFOPLIST_KEY_UIApplicationSupportsIndirectInputEvents = YES;
				INFOPLIST_KEY_UILaunchStoryboardName = LaunchScreen;
				INFOPLIST_KEY_UIMainStoryboardFile = Main;
				INFOPLIST_KEY_UIRequiresFullScreen = YES;
				INFOPLIST_KEY_UISupportedInterfaceOrientations = UIInterfaceOrientationPortrait;
				IPHONEOS_DEPLOYMENT_TARGET = 16.0;
				LD_RUNPATH_SEARCH_PATHS = (
					"$(inherited)",
					"@executable_path/Frameworks",
				);
				MARKETING_VERSION = 1.0;
				PRODUCT_BUNDLE_IDENTIFIER = ilyesdjari.wav;
				PRODUCT_NAME = "$(TARGET_NAME)";
				SWIFT_EMIT_LOC_STRINGS = YES;
				SWIFT_VERSION = 5.0;
				TARGETED_DEVICE_FAMILY = "1,2";
			};
			name = Debug;
		};
		7EAB3EF12A0162D700BB2E0B /* Release */ = {
			isa = XCBuildConfiguration;
			buildSettings = {
				ASSETCATALOG_COMPILER_APPICON_NAME = AppIcon;
				ASSETCATALOG_COMPILER_GLOBAL_ACCENT_COLOR_NAME = AccentColor;
				CODE_SIGN_STYLE = Automatic;
				CURRENT_PROJECT_VERSION = 1;
				DEVELOPMENT_TEAM = L36Z6K6Q9J;
				GENERATE_INFOPLIST_FILE = YES;
				INFOPLIST_FILE = wav/Info.plist;
				INFOPLIST_KEY_CFBundleDisplayName = Wav;
				INFOPLIST_KEY_LSApplicationCategoryType = "public.app-category.music";
				INFOPLIST_KEY_NSAppleMusicUsageDescription = "Music Albums uses Apple Music to help you rediscover your music.";
				INFOPLIST_KEY_UIApplicationSupportsIndirectInputEvents = YES;
				INFOPLIST_KEY_UILaunchStoryboardName = LaunchScreen;
				INFOPLIST_KEY_UIMainStoryboardFile = Main;
				INFOPLIST_KEY_UIRequiresFullScreen = YES;
				INFOPLIST_KEY_UISupportedInterfaceOrientations = UIInterfaceOrientationPortrait;
				IPHONEOS_DEPLOYMENT_TARGET = 16.0;
				LD_RUNPATH_SEARCH_PATHS = (
					"$(inherited)",
					"@executable_path/Frameworks",
				);
				MARKETING_VERSION = 1.0;
				PRODUCT_BUNDLE_IDENTIFIER = ilyesdjari.wav;
				PRODUCT_NAME = "$(TARGET_NAME)";
				SWIFT_EMIT_LOC_STRINGS = YES;
				SWIFT_VERSION = 5.0;
				TARGETED_DEVICE_FAMILY = "1,2";
			};
			name = Release;
		};
/* End XCBuildConfiguration section */

/* Begin XCConfigurationList section */
		7EAB3ED32A0162D500BB2E0B /* Build configuration list for PBXProject "wav" */ = {
			isa = XCConfigurationList;
			buildConfigurations = (
				7EAB3EED2A0162D700BB2E0B /* Debug */,
				7EAB3EEE2A0162D700BB2E0B /* Release */,
			);
			defaultConfigurationIsVisible = 0;
			defaultConfigurationName = Release;
		};
		7EAB3EEF2A0162D700BB2E0B /* Build configuration list for PBXNativeTarget "wav" */ = {
			isa = XCConfigurationList;
			buildConfigurations = (
				7EAB3EF02A0162D700BB2E0B /* Debug */,
				7EAB3EF12A0162D700BB2E0B /* Release */,
			);
			defaultConfigurationIsVisible = 0;
			defaultConfigurationName = Release;
		};
/* End XCConfigurationList section */

/* Begin XCRemoteSwiftPackageReference section */
		7E418B5C2A02F793007B9863 /* XCRemoteSwiftPackageReference "Kingfisher" */ = {
			isa = XCRemoteSwiftPackageReference;
			repositoryURL = "https://github.com/onevcat/Kingfisher";
			requirement = {
				branch = master;
				kind = branch;
			};
		};
		7E418B5F2A02F986007B9863 /* XCRemoteSwiftPackageReference "MarqueeLabel" */ = {
			isa = XCRemoteSwiftPackageReference;
			repositoryURL = "https://github.com/cbpowell/MarqueeLabel";
			requirement = {
				branch = master;
				kind = branch;
			};
		};
		7E418B672A03259F007B9863 /* XCRemoteSwiftPackageReference "UIImageColors" */ = {
			isa = XCRemoteSwiftPackageReference;
			repositoryURL = "https://github.com/jathu/UIImageColors.git";
			requirement = {
				kind = upToNextMajorVersion;
				minimumVersion = 2.0.0;
			};
		};
		7E5132E32A12E8CD00E68533 /* XCRemoteSwiftPackageReference "geofire-objc" */ = {
			isa = XCRemoteSwiftPackageReference;
			repositoryURL = "https://github.com/firebase/geofire-objc.git";
			requirement = {
				branch = master;
				kind = branch;
			};
		};
		7EA1839E2A01AC0500F658E4 /* XCRemoteSwiftPackageReference "MusadoraKit" */ = {
			isa = XCRemoteSwiftPackageReference;
			repositoryURL = "https://github.com/rryam/MusadoraKit";
			requirement = {
				branch = main;
				kind = branch;
			};
		};
		7EF5586D2A098FED00D1FE8F /* XCRemoteSwiftPackageReference "firebase-ios-sdk" */ = {
			isa = XCRemoteSwiftPackageReference;
			repositoryURL = "https://github.com/firebase/firebase-ios-sdk.git";
			requirement = {
				branch = master;
				kind = branch;
			};
		};
		7EF558772A09A5B300D1FE8F /* XCRemoteSwiftPackageReference "NotificationBanner" */ = {
			isa = XCRemoteSwiftPackageReference;
			repositoryURL = "https://github.com/Daltron/NotificationBanner.git";
			requirement = {
				kind = upToNextMajorVersion;
				minimumVersion = 3.0.0;
			};
		};
/* End XCRemoteSwiftPackageReference section */

/* Begin XCSwiftPackageProductDependency section */
		7E418B5D2A02F793007B9863 /* Kingfisher */ = {
			isa = XCSwiftPackageProductDependency;
			package = 7E418B5C2A02F793007B9863 /* XCRemoteSwiftPackageReference "Kingfisher" */;
			productName = Kingfisher;
		};
		7E418B602A02F986007B9863 /* MarqueeLabel */ = {
			isa = XCSwiftPackageProductDependency;
			package = 7E418B5F2A02F986007B9863 /* XCRemoteSwiftPackageReference "MarqueeLabel" */;
			productName = MarqueeLabel;
		};
		7E418B682A03259F007B9863 /* UIImageColors */ = {
			isa = XCSwiftPackageProductDependency;
			package = 7E418B672A03259F007B9863 /* XCRemoteSwiftPackageReference "UIImageColors" */;
			productName = UIImageColors;
		};
		7E5132E42A12E8CD00E68533 /* GeoFire */ = {
			isa = XCSwiftPackageProductDependency;
			package = 7E5132E32A12E8CD00E68533 /* XCRemoteSwiftPackageReference "geofire-objc" */;
			productName = GeoFire;
		};
		7E5132E62A12E8CD00E68533 /* GeoFireUtils */ = {
			isa = XCSwiftPackageProductDependency;
			package = 7E5132E32A12E8CD00E68533 /* XCRemoteSwiftPackageReference "geofire-objc" */;
			productName = GeoFireUtils;
		};
		7EA1839F2A01AC0500F658E4 /* MusadoraKit */ = {
			isa = XCSwiftPackageProductDependency;
			package = 7EA1839E2A01AC0500F658E4 /* XCRemoteSwiftPackageReference "MusadoraKit" */;
			productName = MusadoraKit;
		};
		7EF5586E2A098FED00D1FE8F /* FirebaseDatabase */ = {
			isa = XCSwiftPackageProductDependency;
			package = 7EF5586D2A098FED00D1FE8F /* XCRemoteSwiftPackageReference "firebase-ios-sdk" */;
			productName = FirebaseDatabase;
		};
		7EF558702A098FED00D1FE8F /* FirebaseFirestore */ = {
			isa = XCSwiftPackageProductDependency;
			package = 7EF5586D2A098FED00D1FE8F /* XCRemoteSwiftPackageReference "firebase-ios-sdk" */;
			productName = FirebaseFirestore;
		};
		7EF558722A098FED00D1FE8F /* FirebaseStorage */ = {
			isa = XCSwiftPackageProductDependency;
			package = 7EF5586D2A098FED00D1FE8F /* XCRemoteSwiftPackageReference "firebase-ios-sdk" */;
			productName = FirebaseStorage;
		};
		7EF558782A09A5B300D1FE8F /* NotificationBannerSwift */ = {
			isa = XCSwiftPackageProductDependency;
			package = 7EF558772A09A5B300D1FE8F /* XCRemoteSwiftPackageReference "NotificationBanner" */;
			productName = NotificationBannerSwift;
		};
/* End XCSwiftPackageProductDependency section */

/* Begin XCVersionGroup section */
		7EAB3EE42A0162D500BB2E0B /* wav.xcdatamodeld */ = {
			isa = XCVersionGroup;
			children = (
				7EAB3EE52A0162D500BB2E0B /* wav.xcdatamodel */,
			);
			currentVersion = 7EAB3EE52A0162D500BB2E0B /* wav.xcdatamodel */;
			path = wav.xcdatamodeld;
			sourceTree = "<group>";
			versionGroupType = wrapper.xcdatamodel;
		};
/* End XCVersionGroup section */
	};
	rootObject = 7EAB3ED02A0162D500BB2E0B /* Project object */;
}
